// !$*UTF8*$!
{
	archiveVersion = 1;
	classes = {
	};
	objectVersion = 50;
	objects = {

/* Begin PBXBuildFile section */
		11003591248FD182006AE78A /* RecipeCollection.swift in Sources */ = {isa = PBXBuildFile; fileRef = 11003590248FD182006AE78A /* RecipeCollection.swift */; };
		11058977248E90B900B5DB6D /* RecipeEditIngredients.swift in Sources */ = {isa = PBXBuildFile; fileRef = 11058976248E90B900B5DB6D /* RecipeEditIngredients.swift */; };
		11058979248FBB1C00B5DB6D /* TimeDetection.swift in Sources */ = {isa = PBXBuildFile; fileRef = 11058978248FBB1C00B5DB6D /* TimeDetection.swift */; };
		1105897B248FCA5500B5DB6D /* TimeDisplayView.swift in Sources */ = {isa = PBXBuildFile; fileRef = 1105897A248FCA5500B5DB6D /* TimeDisplayView.swift */; };
		1116EA0D24877E6D00B1F509 /* SettingsView.swift in Sources */ = {isa = PBXBuildFile; fileRef = 1116EA0C24877E6D00B1F509 /* SettingsView.swift */; };
		1116EA1024877F7800B1F509 /* GeneralSettingsView.swift in Sources */ = {isa = PBXBuildFile; fileRef = 1116EA0F24877F7800B1F509 /* GeneralSettingsView.swift */; };
		1116EA1224877FA500B1F509 /* AppearanceSettingsView.swift in Sources */ = {isa = PBXBuildFile; fileRef = 1116EA1124877FA500B1F509 /* AppearanceSettingsView.swift */; };
		1116EA1424877FC300B1F509 /* NotificationsSettingsView.swift in Sources */ = {isa = PBXBuildFile; fileRef = 1116EA1324877FC300B1F509 /* NotificationsSettingsView.swift */; };
		1116EA1624877FCF00B1F509 /* AccountSettingsView.swift in Sources */ = {isa = PBXBuildFile; fileRef = 1116EA1524877FCF00B1F509 /* AccountSettingsView.swift */; };
		1116EA182487814700B1F509 /* Genre.swift in Sources */ = {isa = PBXBuildFile; fileRef = 1116EA172487814700B1F509 /* Genre.swift */; };
		1116EA1C248781DF00B1F509 /* SampleGenres.swift in Sources */ = {isa = PBXBuildFile; fileRef = 1116EA1B248781DF00B1F509 /* SampleGenres.swift */; };
		1116EA1E248787D000B1F509 /* CuisineListDetail.swift in Sources */ = {isa = PBXBuildFile; fileRef = 1116EA1D248787D000B1F509 /* CuisineListDetail.swift */; };
		1116EA202487888800B1F509 /* GenreListDetail.swift in Sources */ = {isa = PBXBuildFile; fileRef = 1116EA1F2487888800B1F509 /* GenreListDetail.swift */; };
		1116EA2424878B9700B1F509 /* RecipeIngredient.swift in Sources */ = {isa = PBXBuildFile; fileRef = 1116EA2324878B9700B1F509 /* RecipeIngredient.swift */; };
		1116EA272487A21000B1F509 /* RecipeIngredientListItem.swift in Sources */ = {isa = PBXBuildFile; fileRef = 1116EA262487A21000B1F509 /* RecipeIngredientListItem.swift */; };
		1116EA292487A2E800B1F509 /* RecipeDirectionListItem.swift in Sources */ = {isa = PBXBuildFile; fileRef = 1116EA282487A2E800B1F509 /* RecipeDirectionListItem.swift */; };
		1116EA2B2487B26A00B1F509 /* CustomColors.swift in Sources */ = {isa = PBXBuildFile; fileRef = 1116EA2A2487B26A00B1F509 /* CustomColors.swift */; };
		115EDBCF2489251F000A45C9 /* TextFieldWithLabel.swift in Sources */ = {isa = PBXBuildFile; fileRef = 115EDBCE2489251F000A45C9 /* TextFieldWithLabel.swift */; };
		115EDBD124892CAA000A45C9 /* MultilineTextField.swift in Sources */ = {isa = PBXBuildFile; fileRef = 115EDBD024892CAA000A45C9 /* MultilineTextField.swift */; };
		115EDBD324894C97000A45C9 /* EditMode.swift in Sources */ = {isa = PBXBuildFile; fileRef = 115EDBD224894C97000A45C9 /* EditMode.swift */; };
		115EDBD7248A0CB0000A45C9 /* ArrayComparison.swift in Sources */ = {isa = PBXBuildFile; fileRef = 115EDBD6248A0CB0000A45C9 /* ArrayComparison.swift */; };
		118E7F622486B3B900D7D4A3 /* AppDelegate.swift in Sources */ = {isa = PBXBuildFile; fileRef = 118E7F612486B3B900D7D4A3 /* AppDelegate.swift */; };
		118E7F642486B3B900D7D4A3 /* SceneDelegate.swift in Sources */ = {isa = PBXBuildFile; fileRef = 118E7F632486B3B900D7D4A3 /* SceneDelegate.swift */; };
		118E7F672486B3B900D7D4A3 /* Recipe_Book.xcdatamodeld in Sources */ = {isa = PBXBuildFile; fileRef = 118E7F652486B3B900D7D4A3 /* Recipe_Book.xcdatamodeld */; };
		118E7F692486B3B900D7D4A3 /* ContentView.swift in Sources */ = {isa = PBXBuildFile; fileRef = 118E7F682486B3B900D7D4A3 /* ContentView.swift */; };
		118E7F6B2486B3BB00D7D4A3 /* Assets.xcassets in Resources */ = {isa = PBXBuildFile; fileRef = 118E7F6A2486B3BB00D7D4A3 /* Assets.xcassets */; };
		118E7F6E2486B3BB00D7D4A3 /* Preview Assets.xcassets in Resources */ = {isa = PBXBuildFile; fileRef = 118E7F6D2486B3BB00D7D4A3 /* Preview Assets.xcassets */; };
		118E7F712486B3BB00D7D4A3 /* LaunchScreen.storyboard in Resources */ = {isa = PBXBuildFile; fileRef = 118E7F6F2486B3BB00D7D4A3 /* LaunchScreen.storyboard */; };
		118E7F7C2486B3BB00D7D4A3 /* Recipe_BookTests.swift in Sources */ = {isa = PBXBuildFile; fileRef = 118E7F7B2486B3BB00D7D4A3 /* Recipe_BookTests.swift */; };
		118E7F872486B3BB00D7D4A3 /* Recipe_BookUITests.swift in Sources */ = {isa = PBXBuildFile; fileRef = 118E7F862486B3BB00D7D4A3 /* Recipe_BookUITests.swift */; };
		118E7F962486B3F800D7D4A3 /* HomeView.swift in Sources */ = {isa = PBXBuildFile; fileRef = 118E7F952486B3F800D7D4A3 /* HomeView.swift */; };
		118E7F992486B53200D7D4A3 /* Recipe.swift in Sources */ = {isa = PBXBuildFile; fileRef = 118E7F982486B53200D7D4A3 /* Recipe.swift */; };
		118E7F9C2486B5D600D7D4A3 /* SampleRecipes.swift in Sources */ = {isa = PBXBuildFile; fileRef = 118E7F9B2486B5D600D7D4A3 /* SampleRecipes.swift */; };
		118E7F9E2486B88500D7D4A3 /* UserData.swift in Sources */ = {isa = PBXBuildFile; fileRef = 118E7F9D2486B88500D7D4A3 /* UserData.swift */; };
		118E7FA02486BA4500D7D4A3 /* UserSettings.swift in Sources */ = {isa = PBXBuildFile; fileRef = 118E7F9F2486BA4500D7D4A3 /* UserSettings.swift */; };
		118E7FA22486BC9C00D7D4A3 /* RecipeDetail.swift in Sources */ = {isa = PBXBuildFile; fileRef = 118E7FA12486BC9C00D7D4A3 /* RecipeDetail.swift */; };
		119628FC2487BB66000AACF8 /* RecipeAddView.swift in Sources */ = {isa = PBXBuildFile; fileRef = 119628FB2487BB66000AACF8 /* RecipeAddView.swift */; };
		119628FF2487E11A000AACF8 /* DetailCellView.swift in Sources */ = {isa = PBXBuildFile; fileRef = 119628FE2487E11A000AACF8 /* DetailCellView.swift */; };
		119629012487E4EB000AACF8 /* ThemeSettingsView.swift in Sources */ = {isa = PBXBuildFile; fileRef = 119629002487E4EB000AACF8 /* ThemeSettingsView.swift */; };
		1196291224880333000AACF8 /* FontSettingsView.swift in Sources */ = {isa = PBXBuildFile; fileRef = 1196291124880333000AACF8 /* FontSettingsView.swift */; };
		119629202488081E000AACF8 /* gelasio-regular.ttf in Resources */ = {isa = PBXBuildFile; fileRef = 1196291C2488081E000AACF8 /* gelasio-regular.ttf */; };
		119629212488081E000AACF8 /* gelasio-bold.ttf in Resources */ = {isa = PBXBuildFile; fileRef = 1196291D2488081E000AACF8 /* gelasio-bold.ttf */; };
		119629222488081E000AACF8 /* gelasio-italic.ttf in Resources */ = {isa = PBXBuildFile; fileRef = 1196291E2488081E000AACF8 /* gelasio-italic.ttf */; };
		119629232488081E000AACF8 /* gelasio-bolditalic.ttf in Resources */ = {isa = PBXBuildFile; fileRef = 1196291F2488081E000AACF8 /* gelasio-bolditalic.ttf */; };
		1196292424880962000AACF8 /* PublicSans-Black.otf in Resources */ = {isa = PBXBuildFile; fileRef = 11962916248807F6000AACF8 /* PublicSans-Black.otf */; };
		1196292524880962000AACF8 /* PublicSans-BlackItalic.otf in Resources */ = {isa = PBXBuildFile; fileRef = 11962917248807F7000AACF8 /* PublicSans-BlackItalic.otf */; };
		1196292624880962000AACF8 /* PublicSans-Bold.otf in Resources */ = {isa = PBXBuildFile; fileRef = 11962919248807F7000AACF8 /* PublicSans-Bold.otf */; };
		1196292724880962000AACF8 /* PublicSans-BoldItalic.otf in Resources */ = {isa = PBXBuildFile; fileRef = 1196291A248807F7000AACF8 /* PublicSans-BoldItalic.otf */; };
		1196292824880962000AACF8 /* PublicSans-Italic.otf in Resources */ = {isa = PBXBuildFile; fileRef = 11962918248807F7000AACF8 /* PublicSans-Italic.otf */; };
		1196292924880962000AACF8 /* PublicSans-Regular.otf in Resources */ = {isa = PBXBuildFile; fileRef = 11962915248807F6000AACF8 /* PublicSans-Regular.otf */; };
		1196292E2488F33C000AACF8 /* PantryView.swift in Sources */ = {isa = PBXBuildFile; fileRef = 1196292D2488F33C000AACF8 /* PantryView.swift */; };
		11D74BB3248752B000D8355E /* CuisineList.swift in Sources */ = {isa = PBXBuildFile; fileRef = 11D74BB2248752B000D8355E /* CuisineList.swift */; };
		11D74BB5248752BE00D8355E /* GenreList.swift in Sources */ = {isa = PBXBuildFile; fileRef = 11D74BB4248752BE00D8355E /* GenreList.swift */; };
		11D74BB72487536200D8355E /* RecipeList.swift in Sources */ = {isa = PBXBuildFile; fileRef = 11D74BB62487536200D8355E /* RecipeList.swift */; };
		11D74BBB2487547B00D8355E /* Cuisine.swift in Sources */ = {isa = PBXBuildFile; fileRef = 11D74BBA2487547B00D8355E /* Cuisine.swift */; };
		11D74BBD248754EA00D8355E /* CategoryData.swift in Sources */ = {isa = PBXBuildFile; fileRef = 11D74BBC248754EA00D8355E /* CategoryData.swift */; };
		11D74BBF2487552C00D8355E /* SampleCuisines.swift in Sources */ = {isa = PBXBuildFile; fileRef = 11D74BBE2487552C00D8355E /* SampleCuisines.swift */; };
		11D7BE932489095700DCB25C /* FiraSans-Light.otf in Resources */ = {isa = PBXBuildFile; fileRef = 11D7BE8D2489095700DCB25C /* FiraSans-Light.otf */; };
		11D7BE942489095700DCB25C /* FiraSans-LightItalic.otf in Resources */ = {isa = PBXBuildFile; fileRef = 11D7BE8E2489095700DCB25C /* FiraSans-LightItalic.otf */; };
		11D7BE952489095700DCB25C /* FiraSans-BoldItalic.otf in Resources */ = {isa = PBXBuildFile; fileRef = 11D7BE8F2489095700DCB25C /* FiraSans-BoldItalic.otf */; };
		11D7BE962489095700DCB25C /* FiraSans-Book.otf in Resources */ = {isa = PBXBuildFile; fileRef = 11D7BE902489095700DCB25C /* FiraSans-Book.otf */; };
		11D7BE972489095700DCB25C /* FiraSans-BookItalic.otf in Resources */ = {isa = PBXBuildFile; fileRef = 11D7BE912489095700DCB25C /* FiraSans-BookItalic.otf */; };
		11D7BE982489095700DCB25C /* FiraSans-Bold.otf in Resources */ = {isa = PBXBuildFile; fileRef = 11D7BE922489095700DCB25C /* FiraSans-Bold.otf */; };
		11F6B06F248D3DE6001E095D /* RecipeEditDirections.swift in Sources */ = {isa = PBXBuildFile; fileRef = 11F6B06E248D3DE6001E095D /* RecipeEditDirections.swift */; };
/* End PBXBuildFile section */

/* Begin PBXContainerItemProxy section */
		118E7F782486B3BB00D7D4A3 /* PBXContainerItemProxy */ = {
			isa = PBXContainerItemProxy;
			containerPortal = 118E7F562486B3B900D7D4A3 /* Project object */;
			proxyType = 1;
			remoteGlobalIDString = 118E7F5D2486B3B900D7D4A3;
			remoteInfo = "Recipe Book";
		};
		118E7F832486B3BB00D7D4A3 /* PBXContainerItemProxy */ = {
			isa = PBXContainerItemProxy;
			containerPortal = 118E7F562486B3B900D7D4A3 /* Project object */;
			proxyType = 1;
			remoteGlobalIDString = 118E7F5D2486B3B900D7D4A3;
			remoteInfo = "Recipe Book";
		};
/* End PBXContainerItemProxy section */

/* Begin PBXFileReference section */
		11003590248FD182006AE78A /* RecipeCollection.swift */ = {isa = PBXFileReference; lastKnownFileType = sourcecode.swift; path = RecipeCollection.swift; sourceTree = "<group>"; };
		11058976248E90B900B5DB6D /* RecipeEditIngredients.swift */ = {isa = PBXFileReference; fileEncoding = 4; lastKnownFileType = sourcecode.swift; path = RecipeEditIngredients.swift; sourceTree = "<group>"; };
		11058978248FBB1C00B5DB6D /* TimeDetection.swift */ = {isa = PBXFileReference; lastKnownFileType = sourcecode.swift; path = TimeDetection.swift; sourceTree = "<group>"; };
		1105897A248FCA5500B5DB6D /* TimeDisplayView.swift */ = {isa = PBXFileReference; lastKnownFileType = sourcecode.swift; path = TimeDisplayView.swift; sourceTree = "<group>"; };
		1116EA0C24877E6D00B1F509 /* SettingsView.swift */ = {isa = PBXFileReference; lastKnownFileType = sourcecode.swift; path = SettingsView.swift; sourceTree = "<group>"; };
		1116EA0F24877F7800B1F509 /* GeneralSettingsView.swift */ = {isa = PBXFileReference; lastKnownFileType = sourcecode.swift; path = GeneralSettingsView.swift; sourceTree = "<group>"; };
		1116EA1124877FA500B1F509 /* AppearanceSettingsView.swift */ = {isa = PBXFileReference; lastKnownFileType = sourcecode.swift; path = AppearanceSettingsView.swift; sourceTree = "<group>"; };
		1116EA1324877FC300B1F509 /* NotificationsSettingsView.swift */ = {isa = PBXFileReference; lastKnownFileType = sourcecode.swift; path = NotificationsSettingsView.swift; sourceTree = "<group>"; };
		1116EA1524877FCF00B1F509 /* AccountSettingsView.swift */ = {isa = PBXFileReference; lastKnownFileType = sourcecode.swift; path = AccountSettingsView.swift; sourceTree = "<group>"; };
		1116EA172487814700B1F509 /* Genre.swift */ = {isa = PBXFileReference; fileEncoding = 4; lastKnownFileType = sourcecode.swift; path = Genre.swift; sourceTree = "<group>"; };
		1116EA1B248781DF00B1F509 /* SampleGenres.swift */ = {isa = PBXFileReference; lastKnownFileType = sourcecode.swift; path = SampleGenres.swift; sourceTree = "<group>"; };
		1116EA1D248787D000B1F509 /* CuisineListDetail.swift */ = {isa = PBXFileReference; lastKnownFileType = sourcecode.swift; path = CuisineListDetail.swift; sourceTree = "<group>"; };
		1116EA1F2487888800B1F509 /* GenreListDetail.swift */ = {isa = PBXFileReference; lastKnownFileType = sourcecode.swift; path = GenreListDetail.swift; sourceTree = "<group>"; };
		1116EA2324878B9700B1F509 /* RecipeIngredient.swift */ = {isa = PBXFileReference; lastKnownFileType = sourcecode.swift; path = RecipeIngredient.swift; sourceTree = "<group>"; };
		1116EA262487A21000B1F509 /* RecipeIngredientListItem.swift */ = {isa = PBXFileReference; lastKnownFileType = sourcecode.swift; path = RecipeIngredientListItem.swift; sourceTree = "<group>"; };
		1116EA282487A2E800B1F509 /* RecipeDirectionListItem.swift */ = {isa = PBXFileReference; lastKnownFileType = sourcecode.swift; path = RecipeDirectionListItem.swift; sourceTree = "<group>"; };
		1116EA2A2487B26A00B1F509 /* CustomColors.swift */ = {isa = PBXFileReference; lastKnownFileType = sourcecode.swift; path = CustomColors.swift; sourceTree = "<group>"; };
		115EDBCE2489251F000A45C9 /* TextFieldWithLabel.swift */ = {isa = PBXFileReference; lastKnownFileType = sourcecode.swift; path = TextFieldWithLabel.swift; sourceTree = "<group>"; };
		115EDBD024892CAA000A45C9 /* MultilineTextField.swift */ = {isa = PBXFileReference; lastKnownFileType = sourcecode.swift; path = MultilineTextField.swift; sourceTree = "<group>"; };
		115EDBD224894C97000A45C9 /* EditMode.swift */ = {isa = PBXFileReference; lastKnownFileType = sourcecode.swift; path = EditMode.swift; sourceTree = "<group>"; };
		115EDBD6248A0CB0000A45C9 /* ArrayComparison.swift */ = {isa = PBXFileReference; lastKnownFileType = sourcecode.swift; path = ArrayComparison.swift; sourceTree = "<group>"; };
		118E7F5E2486B3B900D7D4A3 /* Recipe Book.app */ = {isa = PBXFileReference; explicitFileType = wrapper.application; includeInIndex = 0; path = "Recipe Book.app"; sourceTree = BUILT_PRODUCTS_DIR; };
		118E7F612486B3B900D7D4A3 /* AppDelegate.swift */ = {isa = PBXFileReference; lastKnownFileType = sourcecode.swift; path = AppDelegate.swift; sourceTree = "<group>"; };
		118E7F632486B3B900D7D4A3 /* SceneDelegate.swift */ = {isa = PBXFileReference; lastKnownFileType = sourcecode.swift; path = SceneDelegate.swift; sourceTree = "<group>"; };
		118E7F662486B3B900D7D4A3 /* Recipe_Book.xcdatamodel */ = {isa = PBXFileReference; lastKnownFileType = wrapper.xcdatamodel; path = Recipe_Book.xcdatamodel; sourceTree = "<group>"; };
		118E7F682486B3B900D7D4A3 /* ContentView.swift */ = {isa = PBXFileReference; lastKnownFileType = sourcecode.swift; path = ContentView.swift; sourceTree = "<group>"; };
		118E7F6A2486B3BB00D7D4A3 /* Assets.xcassets */ = {isa = PBXFileReference; lastKnownFileType = folder.assetcatalog; path = Assets.xcassets; sourceTree = "<group>"; };
		118E7F6D2486B3BB00D7D4A3 /* Preview Assets.xcassets */ = {isa = PBXFileReference; lastKnownFileType = folder.assetcatalog; path = "Preview Assets.xcassets"; sourceTree = "<group>"; };
		118E7F702486B3BB00D7D4A3 /* Base */ = {isa = PBXFileReference; lastKnownFileType = file.storyboard; name = Base; path = Base.lproj/LaunchScreen.storyboard; sourceTree = "<group>"; };
		118E7F722486B3BB00D7D4A3 /* Info.plist */ = {isa = PBXFileReference; lastKnownFileType = text.plist.xml; path = Info.plist; sourceTree = "<group>"; };
		118E7F772486B3BB00D7D4A3 /* Recipe BookTests.xctest */ = {isa = PBXFileReference; explicitFileType = wrapper.cfbundle; includeInIndex = 0; path = "Recipe BookTests.xctest"; sourceTree = BUILT_PRODUCTS_DIR; };
		118E7F7B2486B3BB00D7D4A3 /* Recipe_BookTests.swift */ = {isa = PBXFileReference; lastKnownFileType = sourcecode.swift; path = Recipe_BookTests.swift; sourceTree = "<group>"; };
		118E7F7D2486B3BB00D7D4A3 /* Info.plist */ = {isa = PBXFileReference; lastKnownFileType = text.plist.xml; path = Info.plist; sourceTree = "<group>"; };
		118E7F822486B3BB00D7D4A3 /* Recipe BookUITests.xctest */ = {isa = PBXFileReference; explicitFileType = wrapper.cfbundle; includeInIndex = 0; path = "Recipe BookUITests.xctest"; sourceTree = BUILT_PRODUCTS_DIR; };
		118E7F862486B3BB00D7D4A3 /* Recipe_BookUITests.swift */ = {isa = PBXFileReference; lastKnownFileType = sourcecode.swift; path = Recipe_BookUITests.swift; sourceTree = "<group>"; };
		118E7F882486B3BB00D7D4A3 /* Info.plist */ = {isa = PBXFileReference; lastKnownFileType = text.plist.xml; path = Info.plist; sourceTree = "<group>"; };
		118E7F952486B3F800D7D4A3 /* HomeView.swift */ = {isa = PBXFileReference; lastKnownFileType = sourcecode.swift; path = HomeView.swift; sourceTree = "<group>"; };
		118E7F982486B53200D7D4A3 /* Recipe.swift */ = {isa = PBXFileReference; lastKnownFileType = sourcecode.swift; path = Recipe.swift; sourceTree = "<group>"; };
		118E7F9B2486B5D600D7D4A3 /* SampleRecipes.swift */ = {isa = PBXFileReference; lastKnownFileType = sourcecode.swift; path = SampleRecipes.swift; sourceTree = "<group>"; };
		118E7F9D2486B88500D7D4A3 /* UserData.swift */ = {isa = PBXFileReference; lastKnownFileType = sourcecode.swift; path = UserData.swift; sourceTree = "<group>"; };
		118E7F9F2486BA4500D7D4A3 /* UserSettings.swift */ = {isa = PBXFileReference; lastKnownFileType = sourcecode.swift; path = UserSettings.swift; sourceTree = "<group>"; };
		118E7FA12486BC9C00D7D4A3 /* RecipeDetail.swift */ = {isa = PBXFileReference; lastKnownFileType = sourcecode.swift; path = RecipeDetail.swift; sourceTree = "<group>"; };
		119628FB2487BB66000AACF8 /* RecipeAddView.swift */ = {isa = PBXFileReference; lastKnownFileType = sourcecode.swift; path = RecipeAddView.swift; sourceTree = "<group>"; };
		119628FE2487E11A000AACF8 /* DetailCellView.swift */ = {isa = PBXFileReference; lastKnownFileType = sourcecode.swift; path = DetailCellView.swift; sourceTree = "<group>"; };
		119629002487E4EB000AACF8 /* ThemeSettingsView.swift */ = {isa = PBXFileReference; lastKnownFileType = sourcecode.swift; path = ThemeSettingsView.swift; sourceTree = "<group>"; };
		1196291124880333000AACF8 /* FontSettingsView.swift */ = {isa = PBXFileReference; lastKnownFileType = sourcecode.swift; path = FontSettingsView.swift; sourceTree = "<group>"; };
		11962915248807F6000AACF8 /* PublicSans-Regular.otf */ = {isa = PBXFileReference; lastKnownFileType = file; path = "PublicSans-Regular.otf"; sourceTree = "<group>"; };
		11962916248807F6000AACF8 /* PublicSans-Black.otf */ = {isa = PBXFileReference; lastKnownFileType = file; path = "PublicSans-Black.otf"; sourceTree = "<group>"; };
		11962917248807F7000AACF8 /* PublicSans-BlackItalic.otf */ = {isa = PBXFileReference; lastKnownFileType = file; path = "PublicSans-BlackItalic.otf"; sourceTree = "<group>"; };
		11962918248807F7000AACF8 /* PublicSans-Italic.otf */ = {isa = PBXFileReference; lastKnownFileType = file; path = "PublicSans-Italic.otf"; sourceTree = "<group>"; };
		11962919248807F7000AACF8 /* PublicSans-Bold.otf */ = {isa = PBXFileReference; lastKnownFileType = file; path = "PublicSans-Bold.otf"; sourceTree = "<group>"; };
		1196291A248807F7000AACF8 /* PublicSans-BoldItalic.otf */ = {isa = PBXFileReference; lastKnownFileType = file; path = "PublicSans-BoldItalic.otf"; sourceTree = "<group>"; };
		1196291C2488081E000AACF8 /* gelasio-regular.ttf */ = {isa = PBXFileReference; lastKnownFileType = file; name = "gelasio-regular.ttf"; path = "../../../../../Downloads/gelasio/gelasio-regular.ttf"; sourceTree = "<group>"; };
		1196291D2488081E000AACF8 /* gelasio-bold.ttf */ = {isa = PBXFileReference; lastKnownFileType = file; name = "gelasio-bold.ttf"; path = "../../../../../Downloads/gelasio/gelasio-bold.ttf"; sourceTree = "<group>"; };
		1196291E2488081E000AACF8 /* gelasio-italic.ttf */ = {isa = PBXFileReference; lastKnownFileType = file; name = "gelasio-italic.ttf"; path = "../../../../../Downloads/gelasio/gelasio-italic.ttf"; sourceTree = "<group>"; };
		1196291F2488081E000AACF8 /* gelasio-bolditalic.ttf */ = {isa = PBXFileReference; lastKnownFileType = file; name = "gelasio-bolditalic.ttf"; path = "../../../../../Downloads/gelasio/gelasio-bolditalic.ttf"; sourceTree = "<group>"; };
		1196292D2488F33C000AACF8 /* PantryView.swift */ = {isa = PBXFileReference; lastKnownFileType = sourcecode.swift; path = PantryView.swift; sourceTree = "<group>"; };
		11D74BB2248752B000D8355E /* CuisineList.swift */ = {isa = PBXFileReference; lastKnownFileType = sourcecode.swift; path = CuisineList.swift; sourceTree = "<group>"; };
		11D74BB4248752BE00D8355E /* GenreList.swift */ = {isa = PBXFileReference; lastKnownFileType = sourcecode.swift; path = GenreList.swift; sourceTree = "<group>"; };
		11D74BB62487536200D8355E /* RecipeList.swift */ = {isa = PBXFileReference; fileEncoding = 4; lastKnownFileType = sourcecode.swift; path = RecipeList.swift; sourceTree = "<group>"; };
		11D74BBA2487547B00D8355E /* Cuisine.swift */ = {isa = PBXFileReference; lastKnownFileType = sourcecode.swift; path = Cuisine.swift; sourceTree = "<group>"; };
		11D74BBC248754EA00D8355E /* CategoryData.swift */ = {isa = PBXFileReference; lastKnownFileType = sourcecode.swift; path = CategoryData.swift; sourceTree = "<group>"; };
		11D74BBE2487552C00D8355E /* SampleCuisines.swift */ = {isa = PBXFileReference; lastKnownFileType = sourcecode.swift; path = SampleCuisines.swift; sourceTree = "<group>"; };
		11D7BE8D2489095700DCB25C /* FiraSans-Light.otf */ = {isa = PBXFileReference; lastKnownFileType = file; name = "FiraSans-Light.otf"; path = "../../../../../Downloads/fira-sans/FiraSans-Light.otf"; sourceTree = "<group>"; };
		11D7BE8E2489095700DCB25C /* FiraSans-LightItalic.otf */ = {isa = PBXFileReference; lastKnownFileType = file; name = "FiraSans-LightItalic.otf"; path = "../../../../../Downloads/fira-sans/FiraSans-LightItalic.otf"; sourceTree = "<group>"; };
		11D7BE8F2489095700DCB25C /* FiraSans-BoldItalic.otf */ = {isa = PBXFileReference; lastKnownFileType = file; name = "FiraSans-BoldItalic.otf"; path = "../../../../../Downloads/fira-sans/FiraSans-BoldItalic.otf"; sourceTree = "<group>"; };
		11D7BE902489095700DCB25C /* FiraSans-Book.otf */ = {isa = PBXFileReference; lastKnownFileType = file; name = "FiraSans-Book.otf"; path = "../../../../../Downloads/fira-sans/FiraSans-Book.otf"; sourceTree = "<group>"; };
		11D7BE912489095700DCB25C /* FiraSans-BookItalic.otf */ = {isa = PBXFileReference; lastKnownFileType = file; name = "FiraSans-BookItalic.otf"; path = "../../../../../Downloads/fira-sans/FiraSans-BookItalic.otf"; sourceTree = "<group>"; };
		11D7BE922489095700DCB25C /* FiraSans-Bold.otf */ = {isa = PBXFileReference; lastKnownFileType = file; name = "FiraSans-Bold.otf"; path = "../../../../../Downloads/fira-sans/FiraSans-Bold.otf"; sourceTree = "<group>"; };
		11F6B06E248D3DE6001E095D /* RecipeEditDirections.swift */ = {isa = PBXFileReference; lastKnownFileType = sourcecode.swift; path = RecipeEditDirections.swift; sourceTree = "<group>"; };
/* End PBXFileReference section */

/* Begin PBXFrameworksBuildPhase section */
		118E7F5B2486B3B900D7D4A3 /* Frameworks */ = {
			isa = PBXFrameworksBuildPhase;
			buildActionMask = 2147483647;
			files = (
			);
			runOnlyForDeploymentPostprocessing = 0;
		};
		118E7F742486B3BB00D7D4A3 /* Frameworks */ = {
			isa = PBXFrameworksBuildPhase;
			buildActionMask = 2147483647;
			files = (
			);
			runOnlyForDeploymentPostprocessing = 0;
		};
		118E7F7F2486B3BB00D7D4A3 /* Frameworks */ = {
			isa = PBXFrameworksBuildPhase;
			buildActionMask = 2147483647;
			files = (
			);
			runOnlyForDeploymentPostprocessing = 0;
		};
/* End PBXFrameworksBuildPhase section */

/* Begin PBXGroup section */
		1116EA0E24877F5F00B1F509 /* Settings */ = {
			isa = PBXGroup;
			children = (
				115EDBD8248A112C000A45C9 /* Appearance */,
				1116EA0C24877E6D00B1F509 /* SettingsView.swift */,
				1116EA0F24877F7800B1F509 /* GeneralSettingsView.swift */,
				1116EA1324877FC300B1F509 /* NotificationsSettingsView.swift */,
				1116EA1524877FCF00B1F509 /* AccountSettingsView.swift */,
			);
			path = Settings;
			sourceTree = "<group>";
		};
		1116EA252487A1E700B1F509 /* Recipe Detail */ = {
			isa = PBXGroup;
			children = (
				118E7FA12486BC9C00D7D4A3 /* RecipeDetail.swift */,
				1116EA262487A21000B1F509 /* RecipeIngredientListItem.swift */,
				1116EA282487A2E800B1F509 /* RecipeDirectionListItem.swift */,
				11F6B06E248D3DE6001E095D /* RecipeEditDirections.swift */,
				11058976248E90B900B5DB6D /* RecipeEditIngredients.swift */,
			);
			path = "Recipe Detail";
			sourceTree = "<group>";
		};
		113FEF31248A5F3C0008BEFF /* Utils */ = {
			isa = PBXGroup;
			children = (
				115EDBD6248A0CB0000A45C9 /* ArrayComparison.swift */,
				11058978248FBB1C00B5DB6D /* TimeDetection.swift */,
			);
			path = Utils;
			sourceTree = "<group>";
		};
		115EDBD8248A112C000A45C9 /* Appearance */ = {
			isa = PBXGroup;
			children = (
				1116EA1124877FA500B1F509 /* AppearanceSettingsView.swift */,
				119629002487E4EB000AACF8 /* ThemeSettingsView.swift */,
				1196291124880333000AACF8 /* FontSettingsView.swift */,
			);
			path = Appearance;
			sourceTree = "<group>";
		};
		118E7F552486B3B900D7D4A3 = {
			isa = PBXGroup;
			children = (
				118E7F602486B3B900D7D4A3 /* Recipe Book */,
				118E7F7A2486B3BB00D7D4A3 /* Recipe BookTests */,
				118E7F852486B3BB00D7D4A3 /* Recipe BookUITests */,
				118E7F5F2486B3B900D7D4A3 /* Products */,
			);
			sourceTree = "<group>";
		};
		118E7F5F2486B3B900D7D4A3 /* Products */ = {
			isa = PBXGroup;
			children = (
				118E7F5E2486B3B900D7D4A3 /* Recipe Book.app */,
				118E7F772486B3BB00D7D4A3 /* Recipe BookTests.xctest */,
				118E7F822486B3BB00D7D4A3 /* Recipe BookUITests.xctest */,
			);
			name = Products;
			sourceTree = "<group>";
		};
		118E7F602486B3B900D7D4A3 /* Recipe Book */ = {
			isa = PBXGroup;
			children = (
				119629022487FF3D000AACF8 /* Fonts */,
				118E7F9A2486B5CC00D7D4A3 /* Sample Data */,
				113FEF31248A5F3C0008BEFF /* Utils */,
				119628F92487B965000AACF8 /* Extensions */,
				118E7F972486B52900D7D4A3 /* Models */,
				118E7F942486B3EA00D7D4A3 /* Views */,
				118E7F612486B3B900D7D4A3 /* AppDelegate.swift */,
				118E7F632486B3B900D7D4A3 /* SceneDelegate.swift */,
				118E7F682486B3B900D7D4A3 /* ContentView.swift */,
				118E7F6A2486B3BB00D7D4A3 /* Assets.xcassets */,
				118E7F6F2486B3BB00D7D4A3 /* LaunchScreen.storyboard */,
				118E7F722486B3BB00D7D4A3 /* Info.plist */,
				118E7F652486B3B900D7D4A3 /* Recipe_Book.xcdatamodeld */,
				118E7F6C2486B3BB00D7D4A3 /* Preview Content */,
			);
			path = "Recipe Book";
			sourceTree = "<group>";
		};
		118E7F6C2486B3BB00D7D4A3 /* Preview Content */ = {
			isa = PBXGroup;
			children = (
				118E7F6D2486B3BB00D7D4A3 /* Preview Assets.xcassets */,
			);
			path = "Preview Content";
			sourceTree = "<group>";
		};
		118E7F7A2486B3BB00D7D4A3 /* Recipe BookTests */ = {
			isa = PBXGroup;
			children = (
				118E7F7B2486B3BB00D7D4A3 /* Recipe_BookTests.swift */,
				118E7F7D2486B3BB00D7D4A3 /* Info.plist */,
			);
			path = "Recipe BookTests";
			sourceTree = "<group>";
		};
		118E7F852486B3BB00D7D4A3 /* Recipe BookUITests */ = {
			isa = PBXGroup;
			children = (
				118E7F862486B3BB00D7D4A3 /* Recipe_BookUITests.swift */,
				118E7F882486B3BB00D7D4A3 /* Info.plist */,
			);
			path = "Recipe BookUITests";
			sourceTree = "<group>";
		};
		118E7F942486B3EA00D7D4A3 /* Views */ = {
			isa = PBXGroup;
			children = (
				119628FD2487E101000AACF8 /* Component Views */,
				1196292B2488F29F000AACF8 /* Recipe */,
				1196292C2488F305000AACF8 /* Pantry */,
				1116EA0E24877F5F00B1F509 /* Settings */,
				118E7F952486B3F800D7D4A3 /* HomeView.swift */,
				11D74BB2248752B000D8355E /* CuisineList.swift */,
				11D74BB4248752BE00D8355E /* GenreList.swift */,
			);
			path = Views;
			sourceTree = "<group>";
		};
		118E7F972486B52900D7D4A3 /* Models */ = {
			isa = PBXGroup;
			children = (
				11D74BC1248755A700D8355E /* Entities */,
				11D74BC02487559700D8355E /* Observables */,
			);
			path = Models;
			sourceTree = "<group>";
		};
		118E7F9A2486B5CC00D7D4A3 /* Sample Data */ = {
			isa = PBXGroup;
			children = (
				118E7F9B2486B5D600D7D4A3 /* SampleRecipes.swift */,
				11D74BBE2487552C00D8355E /* SampleCuisines.swift */,
				1116EA1B248781DF00B1F509 /* SampleGenres.swift */,
			);
			path = "Sample Data";
			sourceTree = "<group>";
		};
		119628F92487B965000AACF8 /* Extensions */ = {
			isa = PBXGroup;
			children = (
				1116EA2A2487B26A00B1F509 /* CustomColors.swift */,
				115EDBD224894C97000A45C9 /* EditMode.swift */,
			);
			path = Extensions;
			sourceTree = "<group>";
		};
		119628FA2487BB3F000AACF8 /* Recipe Creation */ = {
			isa = PBXGroup;
			children = (
				119628FB2487BB66000AACF8 /* RecipeAddView.swift */,
			);
			path = "Recipe Creation";
			sourceTree = "<group>";
		};
		119628FD2487E101000AACF8 /* Component Views */ = {
			isa = PBXGroup;
			children = (
				119628FE2487E11A000AACF8 /* DetailCellView.swift */,
				1116EA1D248787D000B1F509 /* CuisineListDetail.swift */,
				1116EA1F2487888800B1F509 /* GenreListDetail.swift */,
				115EDBCE2489251F000A45C9 /* TextFieldWithLabel.swift */,
				115EDBD024892CAA000A45C9 /* MultilineTextField.swift */,
				1105897A248FCA5500B5DB6D /* TimeDisplayView.swift */,
			);
			path = "Component Views";
			sourceTree = "<group>";
		};
		119629022487FF3D000AACF8 /* Fonts */ = {
			isa = PBXGroup;
			children = (
				11D7BE8C2489091F00DCB25C /* Fira Sans */,
				1196291B24880805000AACF8 /* Gelasio */,
				11962914248807EF000AACF8 /* Public Sans */,
			);
			path = Fonts;
			sourceTree = "<group>";
		};
		11962914248807EF000AACF8 /* Public Sans */ = {
			isa = PBXGroup;
			children = (
				11962916248807F6000AACF8 /* PublicSans-Black.otf */,
				11962917248807F7000AACF8 /* PublicSans-BlackItalic.otf */,
				11962919248807F7000AACF8 /* PublicSans-Bold.otf */,
				1196291A248807F7000AACF8 /* PublicSans-BoldItalic.otf */,
				11962918248807F7000AACF8 /* PublicSans-Italic.otf */,
				11962915248807F6000AACF8 /* PublicSans-Regular.otf */,
			);
			path = "Public Sans";
			sourceTree = "<group>";
		};
		1196291B24880805000AACF8 /* Gelasio */ = {
			isa = PBXGroup;
			children = (
				1196291D2488081E000AACF8 /* gelasio-bold.ttf */,
				1196291F2488081E000AACF8 /* gelasio-bolditalic.ttf */,
				1196291E2488081E000AACF8 /* gelasio-italic.ttf */,
				1196291C2488081E000AACF8 /* gelasio-regular.ttf */,
			);
			path = Gelasio;
			sourceTree = "<group>";
		};
		1196292B2488F29F000AACF8 /* Recipe */ = {
			isa = PBXGroup;
			children = (
				11D74BB62487536200D8355E /* RecipeList.swift */,
				1116EA252487A1E700B1F509 /* Recipe Detail */,
				119628FA2487BB3F000AACF8 /* Recipe Creation */,
			);
			path = Recipe;
			sourceTree = "<group>";
		};
		1196292C2488F305000AACF8 /* Pantry */ = {
			isa = PBXGroup;
			children = (
				1196292D2488F33C000AACF8 /* PantryView.swift */,
			);
			path = Pantry;
			sourceTree = "<group>";
		};
		11D74BC02487559700D8355E /* Observables */ = {
			isa = PBXGroup;
			children = (
				118E7F9F2486BA4500D7D4A3 /* UserSettings.swift */,
				118E7F9D2486B88500D7D4A3 /* UserData.swift */,
				11D74BBC248754EA00D8355E /* CategoryData.swift */,
			);
			path = Observables;
			sourceTree = "<group>";
		};
		11D74BC1248755A700D8355E /* Entities */ = {
			isa = PBXGroup;
			children = (
				11D74BBA2487547B00D8355E /* Cuisine.swift */,
				1116EA172487814700B1F509 /* Genre.swift */,
				118E7F982486B53200D7D4A3 /* Recipe.swift */,
				1116EA2324878B9700B1F509 /* RecipeIngredient.swift */,
				11003590248FD182006AE78A /* RecipeCollection.swift */,
			);
			path = Entities;
			sourceTree = "<group>";
		};
		11D7BE8C2489091F00DCB25C /* Fira Sans */ = {
			isa = PBXGroup;
			children = (
				11D7BE922489095700DCB25C /* FiraSans-Bold.otf */,
				11D7BE8F2489095700DCB25C /* FiraSans-BoldItalic.otf */,
				11D7BE902489095700DCB25C /* FiraSans-Book.otf */,
				11D7BE912489095700DCB25C /* FiraSans-BookItalic.otf */,
				11D7BE8D2489095700DCB25C /* FiraSans-Light.otf */,
				11D7BE8E2489095700DCB25C /* FiraSans-LightItalic.otf */,
			);
			path = "Fira Sans";
			sourceTree = "<group>";
		};
/* End PBXGroup section */

/* Begin PBXNativeTarget section */
		118E7F5D2486B3B900D7D4A3 /* Recipe Book */ = {
			isa = PBXNativeTarget;
			buildConfigurationList = 118E7F8B2486B3BB00D7D4A3 /* Build configuration list for PBXNativeTarget "Recipe Book" */;
			buildPhases = (
				118E7F5A2486B3B900D7D4A3 /* Sources */,
				118E7F5B2486B3B900D7D4A3 /* Frameworks */,
				118E7F5C2486B3B900D7D4A3 /* Resources */,
			);
			buildRules = (
			);
			dependencies = (
			);
			name = "Recipe Book";
			productName = "Recipe Book";
			productReference = 118E7F5E2486B3B900D7D4A3 /* Recipe Book.app */;
			productType = "com.apple.product-type.application";
		};
		118E7F762486B3BB00D7D4A3 /* Recipe BookTests */ = {
			isa = PBXNativeTarget;
			buildConfigurationList = 118E7F8E2486B3BB00D7D4A3 /* Build configuration list for PBXNativeTarget "Recipe BookTests" */;
			buildPhases = (
				118E7F732486B3BB00D7D4A3 /* Sources */,
				118E7F742486B3BB00D7D4A3 /* Frameworks */,
				118E7F752486B3BB00D7D4A3 /* Resources */,
			);
			buildRules = (
			);
			dependencies = (
				118E7F792486B3BB00D7D4A3 /* PBXTargetDependency */,
			);
			name = "Recipe BookTests";
			productName = "Recipe BookTests";
			productReference = 118E7F772486B3BB00D7D4A3 /* Recipe BookTests.xctest */;
			productType = "com.apple.product-type.bundle.unit-test";
		};
		118E7F812486B3BB00D7D4A3 /* Recipe BookUITests */ = {
			isa = PBXNativeTarget;
			buildConfigurationList = 118E7F912486B3BB00D7D4A3 /* Build configuration list for PBXNativeTarget "Recipe BookUITests" */;
			buildPhases = (
				118E7F7E2486B3BB00D7D4A3 /* Sources */,
				118E7F7F2486B3BB00D7D4A3 /* Frameworks */,
				118E7F802486B3BB00D7D4A3 /* Resources */,
			);
			buildRules = (
			);
			dependencies = (
				118E7F842486B3BB00D7D4A3 /* PBXTargetDependency */,
			);
			name = "Recipe BookUITests";
			productName = "Recipe BookUITests";
			productReference = 118E7F822486B3BB00D7D4A3 /* Recipe BookUITests.xctest */;
			productType = "com.apple.product-type.bundle.ui-testing";
		};
/* End PBXNativeTarget section */

/* Begin PBXProject section */
		118E7F562486B3B900D7D4A3 /* Project object */ = {
			isa = PBXProject;
			attributes = {
				LastSwiftUpdateCheck = 1150;
				LastUpgradeCheck = 1150;
				ORGANIZATIONNAME = "Clarence Siew";
				TargetAttributes = {
					118E7F5D2486B3B900D7D4A3 = {
						CreatedOnToolsVersion = 11.5;
					};
					118E7F762486B3BB00D7D4A3 = {
						CreatedOnToolsVersion = 11.5;
						TestTargetID = 118E7F5D2486B3B900D7D4A3;
					};
					118E7F812486B3BB00D7D4A3 = {
						CreatedOnToolsVersion = 11.5;
						TestTargetID = 118E7F5D2486B3B900D7D4A3;
					};
				};
			};
			buildConfigurationList = 118E7F592486B3B900D7D4A3 /* Build configuration list for PBXProject "Recipe Book" */;
			compatibilityVersion = "Xcode 9.3";
			developmentRegion = en;
			hasScannedForEncodings = 0;
			knownRegions = (
				en,
				Base,
			);
			mainGroup = 118E7F552486B3B900D7D4A3;
			productRefGroup = 118E7F5F2486B3B900D7D4A3 /* Products */;
			projectDirPath = "";
			projectRoot = "";
			targets = (
				118E7F5D2486B3B900D7D4A3 /* Recipe Book */,
				118E7F762486B3BB00D7D4A3 /* Recipe BookTests */,
				118E7F812486B3BB00D7D4A3 /* Recipe BookUITests */,
			);
		};
/* End PBXProject section */

/* Begin PBXResourcesBuildPhase section */
		118E7F5C2486B3B900D7D4A3 /* Resources */ = {
			isa = PBXResourcesBuildPhase;
			buildActionMask = 2147483647;
			files = (
				11D7BE962489095700DCB25C /* FiraSans-Book.otf in Resources */,
				11D7BE972489095700DCB25C /* FiraSans-BookItalic.otf in Resources */,
				11D7BE982489095700DCB25C /* FiraSans-Bold.otf in Resources */,
				118E7F712486B3BB00D7D4A3 /* LaunchScreen.storyboard in Resources */,
				1196292424880962000AACF8 /* PublicSans-Black.otf in Resources */,
				119629232488081E000AACF8 /* gelasio-bolditalic.ttf in Resources */,
				1196292824880962000AACF8 /* PublicSans-Italic.otf in Resources */,
				119629222488081E000AACF8 /* gelasio-italic.ttf in Resources */,
				118E7F6E2486B3BB00D7D4A3 /* Preview Assets.xcassets in Resources */,
				1196292724880962000AACF8 /* PublicSans-BoldItalic.otf in Resources */,
				119629212488081E000AACF8 /* gelasio-bold.ttf in Resources */,
				1196292524880962000AACF8 /* PublicSans-BlackItalic.otf in Resources */,
				11D7BE952489095700DCB25C /* FiraSans-BoldItalic.otf in Resources */,
				119629202488081E000AACF8 /* gelasio-regular.ttf in Resources */,
				1196292924880962000AACF8 /* PublicSans-Regular.otf in Resources */,
				1196292624880962000AACF8 /* PublicSans-Bold.otf in Resources */,
				118E7F6B2486B3BB00D7D4A3 /* Assets.xcassets in Resources */,
				11D7BE942489095700DCB25C /* FiraSans-LightItalic.otf in Resources */,
				11D7BE932489095700DCB25C /* FiraSans-Light.otf in Resources */,
			);
			runOnlyForDeploymentPostprocessing = 0;
		};
		118E7F752486B3BB00D7D4A3 /* Resources */ = {
			isa = PBXResourcesBuildPhase;
			buildActionMask = 2147483647;
			files = (
			);
			runOnlyForDeploymentPostprocessing = 0;
		};
		118E7F802486B3BB00D7D4A3 /* Resources */ = {
			isa = PBXResourcesBuildPhase;
			buildActionMask = 2147483647;
			files = (
			);
			runOnlyForDeploymentPostprocessing = 0;
		};
/* End PBXResourcesBuildPhase section */

/* Begin PBXSourcesBuildPhase section */
		118E7F5A2486B3B900D7D4A3 /* Sources */ = {
			isa = PBXSourcesBuildPhase;
			buildActionMask = 2147483647;
			files = (
				118E7F622486B3B900D7D4A3 /* AppDelegate.swift in Sources */,
				1196291224880333000AACF8 /* FontSettingsView.swift in Sources */,
				1116EA1E248787D000B1F509 /* CuisineListDetail.swift in Sources */,
				11F6B06F248D3DE6001E095D /* RecipeEditDirections.swift in Sources */,
				11D74BBD248754EA00D8355E /* CategoryData.swift in Sources */,
				11058979248FBB1C00B5DB6D /* TimeDetection.swift in Sources */,
				1116EA1024877F7800B1F509 /* GeneralSettingsView.swift in Sources */,
				1116EA182487814700B1F509 /* Genre.swift in Sources */,
				115EDBD7248A0CB0000A45C9 /* ArrayComparison.swift in Sources */,
				1116EA2B2487B26A00B1F509 /* CustomColors.swift in Sources */,
				119628FC2487BB66000AACF8 /* RecipeAddView.swift in Sources */,
				11D74BB3248752B000D8355E /* CuisineList.swift in Sources */,
				115EDBCF2489251F000A45C9 /* TextFieldWithLabel.swift in Sources */,
				118E7F992486B53200D7D4A3 /* Recipe.swift in Sources */,
				11D74BBF2487552C00D8355E /* SampleCuisines.swift in Sources */,
				11003591248FD182006AE78A /* RecipeCollection.swift in Sources */,
				1116EA2424878B9700B1F509 /* RecipeIngredient.swift in Sources */,
				1116EA0D24877E6D00B1F509 /* SettingsView.swift in Sources */,
				1116EA1624877FCF00B1F509 /* AccountSettingsView.swift in Sources */,
				115EDBD124892CAA000A45C9 /* MultilineTextField.swift in Sources */,
				1116EA202487888800B1F509 /* GenreListDetail.swift in Sources */,
				1116EA292487A2E800B1F509 /* RecipeDirectionListItem.swift in Sources */,
				11D74BB5248752BE00D8355E /* GenreList.swift in Sources */,
				118E7FA22486BC9C00D7D4A3 /* RecipeDetail.swift in Sources */,
				119629012487E4EB000AACF8 /* ThemeSettingsView.swift in Sources */,
				118E7F9E2486B88500D7D4A3 /* UserData.swift in Sources */,
				11058977248E90B900B5DB6D /* RecipeEditIngredients.swift in Sources */,
				11D74BB72487536200D8355E /* RecipeList.swift in Sources */,
				115EDBD324894C97000A45C9 /* EditMode.swift in Sources */,
				118E7F642486B3B900D7D4A3 /* SceneDelegate.swift in Sources */,
				118E7FA02486BA4500D7D4A3 /* UserSettings.swift in Sources */,
				118E7F962486B3F800D7D4A3 /* HomeView.swift in Sources */,
				11D74BBB2487547B00D8355E /* Cuisine.swift in Sources */,
				118E7F9C2486B5D600D7D4A3 /* SampleRecipes.swift in Sources */,
				1116EA1424877FC300B1F509 /* NotificationsSettingsView.swift in Sources */,
				1116EA1224877FA500B1F509 /* AppearanceSettingsView.swift in Sources */,
				1116EA272487A21000B1F509 /* RecipeIngredientListItem.swift in Sources */,
				119628FF2487E11A000AACF8 /* DetailCellView.swift in Sources */,
				118E7F692486B3B900D7D4A3 /* ContentView.swift in Sources */,
				1196292E2488F33C000AACF8 /* PantryView.swift in Sources */,
				1116EA1C248781DF00B1F509 /* SampleGenres.swift in Sources */,
				1105897B248FCA5500B5DB6D /* TimeDisplayView.swift in Sources */,
				118E7F672486B3B900D7D4A3 /* Recipe_Book.xcdatamodeld in Sources */,
			);
			runOnlyForDeploymentPostprocessing = 0;
		};
		118E7F732486B3BB00D7D4A3 /* Sources */ = {
			isa = PBXSourcesBuildPhase;
			buildActionMask = 2147483647;
			files = (
				118E7F7C2486B3BB00D7D4A3 /* Recipe_BookTests.swift in Sources */,
			);
			runOnlyForDeploymentPostprocessing = 0;
		};
		118E7F7E2486B3BB00D7D4A3 /* Sources */ = {
			isa = PBXSourcesBuildPhase;
			buildActionMask = 2147483647;
			files = (
				118E7F872486B3BB00D7D4A3 /* Recipe_BookUITests.swift in Sources */,
			);
			runOnlyForDeploymentPostprocessing = 0;
		};
/* End PBXSourcesBuildPhase section */

/* Begin PBXTargetDependency section */
		118E7F792486B3BB00D7D4A3 /* PBXTargetDependency */ = {
			isa = PBXTargetDependency;
			target = 118E7F5D2486B3B900D7D4A3 /* Recipe Book */;
			targetProxy = 118E7F782486B3BB00D7D4A3 /* PBXContainerItemProxy */;
		};
		118E7F842486B3BB00D7D4A3 /* PBXTargetDependency */ = {
			isa = PBXTargetDependency;
			target = 118E7F5D2486B3B900D7D4A3 /* Recipe Book */;
			targetProxy = 118E7F832486B3BB00D7D4A3 /* PBXContainerItemProxy */;
		};
/* End PBXTargetDependency section */

/* Begin PBXVariantGroup section */
		118E7F6F2486B3BB00D7D4A3 /* LaunchScreen.storyboard */ = {
			isa = PBXVariantGroup;
			children = (
				118E7F702486B3BB00D7D4A3 /* Base */,
			);
			name = LaunchScreen.storyboard;
			sourceTree = "<group>";
		};
/* End PBXVariantGroup section */

/* Begin XCBuildConfiguration section */
		118E7F892486B3BB00D7D4A3 /* Debug */ = {
			isa = XCBuildConfiguration;
			buildSettings = {
				ALWAYS_SEARCH_USER_PATHS = NO;
				CLANG_ANALYZER_NONNULL = YES;
				CLANG_ANALYZER_NUMBER_OBJECT_CONVERSION = YES_AGGRESSIVE;
				CLANG_CXX_LANGUAGE_STANDARD = "gnu++14";
				CLANG_CXX_LIBRARY = "libc++";
				CLANG_ENABLE_MODULES = YES;
				CLANG_ENABLE_OBJC_ARC = YES;
				CLANG_ENABLE_OBJC_WEAK = YES;
				CLANG_WARN_BLOCK_CAPTURE_AUTORELEASING = YES;
				CLANG_WARN_BOOL_CONVERSION = YES;
				CLANG_WARN_COMMA = YES;
				CLANG_WARN_CONSTANT_CONVERSION = YES;
				CLANG_WARN_DEPRECATED_OBJC_IMPLEMENTATIONS = YES;
				CLANG_WARN_DIRECT_OBJC_ISA_USAGE = YES_ERROR;
				CLANG_WARN_DOCUMENTATION_COMMENTS = YES;
				CLANG_WARN_EMPTY_BODY = YES;
				CLANG_WARN_ENUM_CONVERSION = YES;
				CLANG_WARN_INFINITE_RECURSION = YES;
				CLANG_WARN_INT_CONVERSION = YES;
				CLANG_WARN_NON_LITERAL_NULL_CONVERSION = YES;
				CLANG_WARN_OBJC_IMPLICIT_RETAIN_SELF = YES;
				CLANG_WARN_OBJC_LITERAL_CONVERSION = YES;
				CLANG_WARN_OBJC_ROOT_CLASS = YES_ERROR;
				CLANG_WARN_RANGE_LOOP_ANALYSIS = YES;
				CLANG_WARN_STRICT_PROTOTYPES = YES;
				CLANG_WARN_SUSPICIOUS_MOVE = YES;
				CLANG_WARN_UNGUARDED_AVAILABILITY = YES_AGGRESSIVE;
				CLANG_WARN_UNREACHABLE_CODE = YES;
				CLANG_WARN__DUPLICATE_METHOD_MATCH = YES;
				COPY_PHASE_STRIP = NO;
				DEBUG_INFORMATION_FORMAT = dwarf;
				ENABLE_STRICT_OBJC_MSGSEND = YES;
				ENABLE_TESTABILITY = YES;
				GCC_C_LANGUAGE_STANDARD = gnu11;
				GCC_DYNAMIC_NO_PIC = NO;
				GCC_NO_COMMON_BLOCKS = YES;
				GCC_OPTIMIZATION_LEVEL = 0;
				GCC_PREPROCESSOR_DEFINITIONS = (
					"DEBUG=1",
					"$(inherited)",
				);
				GCC_WARN_64_TO_32_BIT_CONVERSION = YES;
				GCC_WARN_ABOUT_RETURN_TYPE = YES_ERROR;
				GCC_WARN_UNDECLARED_SELECTOR = YES;
				GCC_WARN_UNINITIALIZED_AUTOS = YES_AGGRESSIVE;
				GCC_WARN_UNUSED_FUNCTION = YES;
				GCC_WARN_UNUSED_VARIABLE = YES;
				IPHONEOS_DEPLOYMENT_TARGET = 13.5;
				MTL_ENABLE_DEBUG_INFO = INCLUDE_SOURCE;
				MTL_FAST_MATH = YES;
				ONLY_ACTIVE_ARCH = YES;
				SDKROOT = iphoneos;
				SWIFT_ACTIVE_COMPILATION_CONDITIONS = DEBUG;
				SWIFT_OPTIMIZATION_LEVEL = "-Onone";
			};
			name = Debug;
		};
		118E7F8A2486B3BB00D7D4A3 /* Release */ = {
			isa = XCBuildConfiguration;
			buildSettings = {
				ALWAYS_SEARCH_USER_PATHS = NO;
				CLANG_ANALYZER_NONNULL = YES;
				CLANG_ANALYZER_NUMBER_OBJECT_CONVERSION = YES_AGGRESSIVE;
				CLANG_CXX_LANGUAGE_STANDARD = "gnu++14";
				CLANG_CXX_LIBRARY = "libc++";
				CLANG_ENABLE_MODULES = YES;
				CLANG_ENABLE_OBJC_ARC = YES;
				CLANG_ENABLE_OBJC_WEAK = YES;
				CLANG_WARN_BLOCK_CAPTURE_AUTORELEASING = YES;
				CLANG_WARN_BOOL_CONVERSION = YES;
				CLANG_WARN_COMMA = YES;
				CLANG_WARN_CONSTANT_CONVERSION = YES;
				CLANG_WARN_DEPRECATED_OBJC_IMPLEMENTATIONS = YES;
				CLANG_WARN_DIRECT_OBJC_ISA_USAGE = YES_ERROR;
				CLANG_WARN_DOCUMENTATION_COMMENTS = YES;
				CLANG_WARN_EMPTY_BODY = YES;
				CLANG_WARN_ENUM_CONVERSION = YES;
				CLANG_WARN_INFINITE_RECURSION = YES;
				CLANG_WARN_INT_CONVERSION = YES;
				CLANG_WARN_NON_LITERAL_NULL_CONVERSION = YES;
				CLANG_WARN_OBJC_IMPLICIT_RETAIN_SELF = YES;
				CLANG_WARN_OBJC_LITERAL_CONVERSION = YES;
				CLANG_WARN_OBJC_ROOT_CLASS = YES_ERROR;
				CLANG_WARN_RANGE_LOOP_ANALYSIS = YES;
				CLANG_WARN_STRICT_PROTOTYPES = YES;
				CLANG_WARN_SUSPICIOUS_MOVE = YES;
				CLANG_WARN_UNGUARDED_AVAILABILITY = YES_AGGRESSIVE;
				CLANG_WARN_UNREACHABLE_CODE = YES;
				CLANG_WARN__DUPLICATE_METHOD_MATCH = YES;
				COPY_PHASE_STRIP = NO;
				DEBUG_INFORMATION_FORMAT = "dwarf-with-dsym";
				ENABLE_NS_ASSERTIONS = NO;
				ENABLE_STRICT_OBJC_MSGSEND = YES;
				GCC_C_LANGUAGE_STANDARD = gnu11;
				GCC_NO_COMMON_BLOCKS = YES;
				GCC_WARN_64_TO_32_BIT_CONVERSION = YES;
				GCC_WARN_ABOUT_RETURN_TYPE = YES_ERROR;
				GCC_WARN_UNDECLARED_SELECTOR = YES;
				GCC_WARN_UNINITIALIZED_AUTOS = YES_AGGRESSIVE;
				GCC_WARN_UNUSED_FUNCTION = YES;
				GCC_WARN_UNUSED_VARIABLE = YES;
				IPHONEOS_DEPLOYMENT_TARGET = 13.5;
				MTL_ENABLE_DEBUG_INFO = NO;
				MTL_FAST_MATH = YES;
				SDKROOT = iphoneos;
				SWIFT_COMPILATION_MODE = wholemodule;
				SWIFT_OPTIMIZATION_LEVEL = "-O";
				VALIDATE_PRODUCT = YES;
			};
			name = Release;
		};
		118E7F8C2486B3BB00D7D4A3 /* Debug */ = {
			isa = XCBuildConfiguration;
			buildSettings = {
				ASSETCATALOG_COMPILER_APPICON_NAME = AppIcon;
				CODE_SIGN_STYLE = Automatic;
				DEVELOPMENT_ASSET_PATHS = "\"Recipe Book/Preview Content\"";
				DEVELOPMENT_TEAM = AU8V4WUNL2;
				ENABLE_PREVIEWS = YES;
				INFOPLIST_FILE = "Recipe Book/Info.plist";
				LD_RUNPATH_SEARCH_PATHS = (
					"$(inherited)",
					"@executable_path/Frameworks",
				);
				PRODUCT_BUNDLE_IDENTIFIER = "com.csiew.Recipe-Book";
				PRODUCT_NAME = "$(TARGET_NAME)";
				SWIFT_VERSION = 5.0;
				TARGETED_DEVICE_FAMILY = "1,2";
			};
			name = Debug;
		};
		118E7F8D2486B3BB00D7D4A3 /* Release */ = {
			isa = XCBuildConfiguration;
			buildSettings = {
				ASSETCATALOG_COMPILER_APPICON_NAME = AppIcon;
				CODE_SIGN_STYLE = Automatic;
				DEVELOPMENT_ASSET_PATHS = "\"Recipe Book/Preview Content\"";
				DEVELOPMENT_TEAM = AU8V4WUNL2;
				ENABLE_PREVIEWS = YES;
				INFOPLIST_FILE = "Recipe Book/Info.plist";
				LD_RUNPATH_SEARCH_PATHS = (
					"$(inherited)",
					"@executable_path/Frameworks",
				);
				PRODUCT_BUNDLE_IDENTIFIER = "com.csiew.Recipe-Book";
				PRODUCT_NAME = "$(TARGET_NAME)";
				SWIFT_VERSION = 5.0;
				TARGETED_DEVICE_FAMILY = "1,2";
			};
			name = Release;
		};
		118E7F8F2486B3BB00D7D4A3 /* Debug */ = {
			isa = XCBuildConfiguration;
			buildSettings = {
				ALWAYS_EMBED_SWIFT_STANDARD_LIBRARIES = YES;
				BUNDLE_LOADER = "$(TEST_HOST)";
				CODE_SIGN_STYLE = Automatic;
				INFOPLIST_FILE = "Recipe BookTests/Info.plist";
				IPHONEOS_DEPLOYMENT_TARGET = 13.5;
				LD_RUNPATH_SEARCH_PATHS = (
					"$(inherited)",
					"@executable_path/Frameworks",
					"@loader_path/Frameworks",
				);
				PRODUCT_BUNDLE_IDENTIFIER = "com.csiew.Recipe-BookTests";
				PRODUCT_NAME = "$(TARGET_NAME)";
				SWIFT_VERSION = 5.0;
				TARGETED_DEVICE_FAMILY = "1,2";
				TEST_HOST = "$(BUILT_PRODUCTS_DIR)/Recipe Book.app/Recipe Book";
			};
			name = Debug;
		};
		118E7F902486B3BB00D7D4A3 /* Release */ = {
			isa = XCBuildConfiguration;
			buildSettings = {
				ALWAYS_EMBED_SWIFT_STANDARD_LIBRARIES = YES;
				BUNDLE_LOADER = "$(TEST_HOST)";
				CODE_SIGN_STYLE = Automatic;
				INFOPLIST_FILE = "Recipe BookTests/Info.plist";
				IPHONEOS_DEPLOYMENT_TARGET = 13.5;
				LD_RUNPATH_SEARCH_PATHS = (
					"$(inherited)",
					"@executable_path/Frameworks",
					"@loader_path/Frameworks",
				);
				PRODUCT_BUNDLE_IDENTIFIER = "com.csiew.Recipe-BookTests";
				PRODUCT_NAME = "$(TARGET_NAME)";
				SWIFT_VERSION = 5.0;
				TARGETED_DEVICE_FAMILY = "1,2";
				TEST_HOST = "$(BUILT_PRODUCTS_DIR)/Recipe Book.app/Recipe Book";
			};
			name = Release;
		};
		118E7F922486B3BB00D7D4A3 /* Debug */ = {
			isa = XCBuildConfiguration;
			buildSettings = {
				ALWAYS_EMBED_SWIFT_STANDARD_LIBRARIES = YES;
				CODE_SIGN_STYLE = Automatic;
				INFOPLIST_FILE = "Recipe BookUITests/Info.plist";
				LD_RUNPATH_SEARCH_PATHS = (
					"$(inherited)",
					"@executable_path/Frameworks",
					"@loader_path/Frameworks",
				);
				PRODUCT_BUNDLE_IDENTIFIER = "com.csiew.Recipe-BookUITests";
				PRODUCT_NAME = "$(TARGET_NAME)";
				SWIFT_VERSION = 5.0;
				TARGETED_DEVICE_FAMILY = "1,2";
				TEST_TARGET_NAME = "Recipe Book";
			};
			name = Debug;
		};
		118E7F932486B3BB00D7D4A3 /* Release */ = {
			isa = XCBuildConfiguration;
			buildSettings = {
				ALWAYS_EMBED_SWIFT_STANDARD_LIBRARIES = YES;
				CODE_SIGN_STYLE = Automatic;
				INFOPLIST_FILE = "Recipe BookUITests/Info.plist";
				LD_RUNPATH_SEARCH_PATHS = (
					"$(inherited)",
					"@executable_path/Frameworks",
					"@loader_path/Frameworks",
				);
				PRODUCT_BUNDLE_IDENTIFIER = "com.csiew.Recipe-BookUITests";
				PRODUCT_NAME = "$(TARGET_NAME)";
				SWIFT_VERSION = 5.0;
				TARGETED_DEVICE_FAMILY = "1,2";
				TEST_TARGET_NAME = "Recipe Book";
			};
			name = Release;
		};
/* End XCBuildConfiguration section */

/* Begin XCConfigurationList section */
		118E7F592486B3B900D7D4A3 /* Build configuration list for PBXProject "Recipe Book" */ = {
			isa = XCConfigurationList;
			buildConfigurations = (
				118E7F892486B3BB00D7D4A3 /* Debug */,
				118E7F8A2486B3BB00D7D4A3 /* Release */,
			);
			defaultConfigurationIsVisible = 0;
			defaultConfigurationName = Release;
		};
		118E7F8B2486B3BB00D7D4A3 /* Build configuration list for PBXNativeTarget "Recipe Book" */ = {
			isa = XCConfigurationList;
			buildConfigurations = (
				118E7F8C2486B3BB00D7D4A3 /* Debug */,
				118E7F8D2486B3BB00D7D4A3 /* Release */,
			);
			defaultConfigurationIsVisible = 0;
			defaultConfigurationName = Release;
		};
		118E7F8E2486B3BB00D7D4A3 /* Build configuration list for PBXNativeTarget "Recipe BookTests" */ = {
			isa = XCConfigurationList;
			buildConfigurations = (
				118E7F8F2486B3BB00D7D4A3 /* Debug */,
				118E7F902486B3BB00D7D4A3 /* Release */,
			);
			defaultConfigurationIsVisible = 0;
			defaultConfigurationName = Release;
		};
		118E7F912486B3BB00D7D4A3 /* Build configuration list for PBXNativeTarget "Recipe BookUITests" */ = {
			isa = XCConfigurationList;
			buildConfigurations = (
				118E7F922486B3BB00D7D4A3 /* Debug */,
				118E7F932486B3BB00D7D4A3 /* Release */,
			);
			defaultConfigurationIsVisible = 0;
			defaultConfigurationName = Release;
		};
/* End XCConfigurationList section */

/* Begin XCVersionGroup section */
		118E7F652486B3B900D7D4A3 /* Recipe_Book.xcdatamodeld */ = {
			isa = XCVersionGroup;
			children = (
				118E7F662486B3B900D7D4A3 /* Recipe_Book.xcdatamodel */,
			);
			currentVersion = 118E7F662486B3B900D7D4A3 /* Recipe_Book.xcdatamodel */;
			path = Recipe_Book.xcdatamodeld;
			sourceTree = "<group>";
			versionGroupType = wrapper.xcdatamodel;
		};
/* End XCVersionGroup section */
	};
	rootObject = 118E7F562486B3B900D7D4A3 /* Project object */;
}
