// !$*UTF8*$!
{
	archiveVersion = 1;
	classes = {
	};
	objectVersion = 50;
	objects = {

/* Begin PBXBuildFile section */
		11003591248FD182006AE78A /* RecipeCollection.swift in Sources */ = {isa = PBXBuildFile; fileRef = 11003590248FD182006AE78A /* RecipeCollection.swift */; };
		110035A8248FE01D006AE78A /* Recipe.swift in Sources */ = {isa = PBXBuildFile; fileRef = 110035A4248FE01D006AE78A /* Recipe.swift */; };
		110035AA248FE01D006AE78A /* Ingredient.swift in Sources */ = {isa = PBXBuildFile; fileRef = 110035A6248FE01D006AE78A /* Ingredient.swift */; };
		11058977248E90B900B5DB6D /* RecipeEditIngredients.swift in Sources */ = {isa = PBXBuildFile; fileRef = 11058976248E90B900B5DB6D /* RecipeEditIngredients.swift */; };
		11058979248FBB1C00B5DB6D /* TimeDetection.swift in Sources */ = {isa = PBXBuildFile; fileRef = 11058978248FBB1C00B5DB6D /* TimeDetection.swift */; };
		1105897B248FCA5500B5DB6D /* TimeDisplayView.swift in Sources */ = {isa = PBXBuildFile; fileRef = 1105897A248FCA5500B5DB6D /* TimeDisplayView.swift */; };
		1116EA0D24877E6D00B1F509 /* SettingsView.swift in Sources */ = {isa = PBXBuildFile; fileRef = 1116EA0C24877E6D00B1F509 /* SettingsView.swift */; };
		1116EA1024877F7800B1F509 /* GeneralSettingsView.swift in Sources */ = {isa = PBXBuildFile; fileRef = 1116EA0F24877F7800B1F509 /* GeneralSettingsView.swift */; };
		1116EA1224877FA500B1F509 /* AppearanceSettingsView.swift in Sources */ = {isa = PBXBuildFile; fileRef = 1116EA1124877FA500B1F509 /* AppearanceSettingsView.swift */; };
		1116EA1424877FC300B1F509 /* NotificationsSettingsView.swift in Sources */ = {isa = PBXBuildFile; fileRef = 1116EA1324877FC300B1F509 /* NotificationsSettingsView.swift */; };
		1116EA1624877FCF00B1F509 /* AccountSettingsView.swift in Sources */ = {isa = PBXBuildFile; fileRef = 1116EA1524877FCF00B1F509 /* AccountSettingsView.swift */; };
		1116EA2424878B9700B1F509 /* IngredientDraft.swift in Sources */ = {isa = PBXBuildFile; fileRef = 1116EA2324878B9700B1F509 /* IngredientDraft.swift */; };
		1116EA272487A21000B1F509 /* RecipeIngredientListItem.swift in Sources */ = {isa = PBXBuildFile; fileRef = 1116EA262487A21000B1F509 /* RecipeIngredientListItem.swift */; };
		1116EA292487A2E800B1F509 /* RecipeDirectionListItem.swift in Sources */ = {isa = PBXBuildFile; fileRef = 1116EA282487A2E800B1F509 /* RecipeDirectionListItem.swift */; };
		1116EA2B2487B26A00B1F509 /* CustomColors.swift in Sources */ = {isa = PBXBuildFile; fileRef = 1116EA2A2487B26A00B1F509 /* CustomColors.swift */; };
		113B7DAF248FE849007435A4 /* CoreDataObjectManager.swift in Sources */ = {isa = PBXBuildFile; fileRef = 113B7DAE248FE849007435A4 /* CoreDataObjectManager.swift */; };
		113B7DB1248FECE3007435A4 /* MeasurementUnit.swift in Sources */ = {isa = PBXBuildFile; fileRef = 113B7DB0248FECE3007435A4 /* MeasurementUnit.swift */; };
		115EDBCF2489251F000A45C9 /* TextFieldWithLabel.swift in Sources */ = {isa = PBXBuildFile; fileRef = 115EDBCE2489251F000A45C9 /* TextFieldWithLabel.swift */; };
		115EDBD124892CAA000A45C9 /* MultilineTextField.swift in Sources */ = {isa = PBXBuildFile; fileRef = 115EDBD024892CAA000A45C9 /* MultilineTextField.swift */; };
		115EDBD324894C97000A45C9 /* EditMode.swift in Sources */ = {isa = PBXBuildFile; fileRef = 115EDBD224894C97000A45C9 /* EditMode.swift */; };
		115EDBD7248A0CB0000A45C9 /* ArrayComparison.swift in Sources */ = {isa = PBXBuildFile; fileRef = 115EDBD6248A0CB0000A45C9 /* ArrayComparison.swift */; };
		118707BF24A639A500B00801 /* RecipeDetailEdit.swift in Sources */ = {isa = PBXBuildFile; fileRef = 118707BE24A639A500B00801 /* RecipeDetailEdit.swift */; };
		118E7F622486B3B900D7D4A3 /* AppDelegate.swift in Sources */ = {isa = PBXBuildFile; fileRef = 118E7F612486B3B900D7D4A3 /* AppDelegate.swift */; };
		118E7F642486B3B900D7D4A3 /* SceneDelegate.swift in Sources */ = {isa = PBXBuildFile; fileRef = 118E7F632486B3B900D7D4A3 /* SceneDelegate.swift */; };
		118E7F672486B3B900D7D4A3 /* Recipe_Book.xcdatamodeld in Sources */ = {isa = PBXBuildFile; fileRef = 118E7F652486B3B900D7D4A3 /* Recipe_Book.xcdatamodeld */; };
		118E7F692486B3B900D7D4A3 /* ContentView.swift in Sources */ = {isa = PBXBuildFile; fileRef = 118E7F682486B3B900D7D4A3 /* ContentView.swift */; };
		118E7F6B2486B3BB00D7D4A3 /* Assets.xcassets in Resources */ = {isa = PBXBuildFile; fileRef = 118E7F6A2486B3BB00D7D4A3 /* Assets.xcassets */; };
		118E7F6E2486B3BB00D7D4A3 /* Preview Assets.xcassets in Resources */ = {isa = PBXBuildFile; fileRef = 118E7F6D2486B3BB00D7D4A3 /* Preview Assets.xcassets */; };
		118E7F712486B3BB00D7D4A3 /* LaunchScreen.storyboard in Resources */ = {isa = PBXBuildFile; fileRef = 118E7F6F2486B3BB00D7D4A3 /* LaunchScreen.storyboard */; };
		118E7F7C2486B3BB00D7D4A3 /* Recipe_BookTests.swift in Sources */ = {isa = PBXBuildFile; fileRef = 118E7F7B2486B3BB00D7D4A3 /* Recipe_BookTests.swift */; };
		118E7F872486B3BB00D7D4A3 /* Recipe_BookUITests.swift in Sources */ = {isa = PBXBuildFile; fileRef = 118E7F862486B3BB00D7D4A3 /* Recipe_BookUITests.swift */; };
		118E7F962486B3F800D7D4A3 /* HomeView.swift in Sources */ = {isa = PBXBuildFile; fileRef = 118E7F952486B3F800D7D4A3 /* HomeView.swift */; };
		118E7FA02486BA4500D7D4A3 /* UserSettings.swift in Sources */ = {isa = PBXBuildFile; fileRef = 118E7F9F2486BA4500D7D4A3 /* UserSettings.swift */; };
		118E7FA22486BC9C00D7D4A3 /* RecipeDetail.swift in Sources */ = {isa = PBXBuildFile; fileRef = 118E7FA12486BC9C00D7D4A3 /* RecipeDetail.swift */; };
		119628FF2487E11A000AACF8 /* DetailCellView.swift in Sources */ = {isa = PBXBuildFile; fileRef = 119628FE2487E11A000AACF8 /* DetailCellView.swift */; };
		119629012487E4EB000AACF8 /* ThemeSettingsView.swift in Sources */ = {isa = PBXBuildFile; fileRef = 119629002487E4EB000AACF8 /* ThemeSettingsView.swift */; };
		1196292E2488F33C000AACF8 /* PantryView.swift in Sources */ = {isa = PBXBuildFile; fileRef = 1196292D2488F33C000AACF8 /* PantryView.swift */; };
		11D74BB72487536200D8355E /* RecipeList.swift in Sources */ = {isa = PBXBuildFile; fileRef = 11D74BB62487536200D8355E /* RecipeList.swift */; };
		11DBCA6624925FEF006A58D6 /* TimestampUtil.swift in Sources */ = {isa = PBXBuildFile; fileRef = 11DBCA6524925FEF006A58D6 /* TimestampUtil.swift */; };
		11DBCA68249265F4006A58D6 /* TypeCatalogue.swift in Sources */ = {isa = PBXBuildFile; fileRef = 11DBCA67249265F4006A58D6 /* TypeCatalogue.swift */; };
		11F6B06F248D3DE6001E095D /* RecipeEditDirections.swift in Sources */ = {isa = PBXBuildFile; fileRef = 11F6B06E248D3DE6001E095D /* RecipeEditDirections.swift */; };
/* End PBXBuildFile section */

/* Begin PBXContainerItemProxy section */
		118E7F782486B3BB00D7D4A3 /* PBXContainerItemProxy */ = {
			isa = PBXContainerItemProxy;
			containerPortal = 118E7F562486B3B900D7D4A3 /* Project object */;
			proxyType = 1;
			remoteGlobalIDString = 118E7F5D2486B3B900D7D4A3;
			remoteInfo = "Recipe Book";
		};
		118E7F832486B3BB00D7D4A3 /* PBXContainerItemProxy */ = {
			isa = PBXContainerItemProxy;
			containerPortal = 118E7F562486B3B900D7D4A3 /* Project object */;
			proxyType = 1;
			remoteGlobalIDString = 118E7F5D2486B3B900D7D4A3;
			remoteInfo = "Recipe Book";
		};
/* End PBXContainerItemProxy section */

/* Begin PBXFileReference section */
		11003590248FD182006AE78A /* RecipeCollection.swift */ = {isa = PBXFileReference; lastKnownFileType = sourcecode.swift; path = RecipeCollection.swift; sourceTree = "<group>"; };
		110035A4248FE01D006AE78A /* Recipe.swift */ = {isa = PBXFileReference; lastKnownFileType = sourcecode.swift; path = Recipe.swift; sourceTree = "<group>"; };
		110035A6248FE01D006AE78A /* Ingredient.swift */ = {isa = PBXFileReference; lastKnownFileType = sourcecode.swift; path = Ingredient.swift; sourceTree = "<group>"; };
		11058976248E90B900B5DB6D /* RecipeEditIngredients.swift */ = {isa = PBXFileReference; fileEncoding = 4; lastKnownFileType = sourcecode.swift; path = RecipeEditIngredients.swift; sourceTree = "<group>"; };
		11058978248FBB1C00B5DB6D /* TimeDetection.swift */ = {isa = PBXFileReference; lastKnownFileType = sourcecode.swift; path = TimeDetection.swift; sourceTree = "<group>"; };
		1105897A248FCA5500B5DB6D /* TimeDisplayView.swift */ = {isa = PBXFileReference; lastKnownFileType = sourcecode.swift; path = TimeDisplayView.swift; sourceTree = "<group>"; };
		1116EA0C24877E6D00B1F509 /* SettingsView.swift */ = {isa = PBXFileReference; lastKnownFileType = sourcecode.swift; path = SettingsView.swift; sourceTree = "<group>"; };
		1116EA0F24877F7800B1F509 /* GeneralSettingsView.swift */ = {isa = PBXFileReference; lastKnownFileType = sourcecode.swift; path = GeneralSettingsView.swift; sourceTree = "<group>"; };
		1116EA1124877FA500B1F509 /* AppearanceSettingsView.swift */ = {isa = PBXFileReference; lastKnownFileType = sourcecode.swift; path = AppearanceSettingsView.swift; sourceTree = "<group>"; };
		1116EA1324877FC300B1F509 /* NotificationsSettingsView.swift */ = {isa = PBXFileReference; lastKnownFileType = sourcecode.swift; path = NotificationsSettingsView.swift; sourceTree = "<group>"; };
		1116EA1524877FCF00B1F509 /* AccountSettingsView.swift */ = {isa = PBXFileReference; lastKnownFileType = sourcecode.swift; path = AccountSettingsView.swift; sourceTree = "<group>"; };
		1116EA2324878B9700B1F509 /* IngredientDraft.swift */ = {isa = PBXFileReference; lastKnownFileType = sourcecode.swift; path = IngredientDraft.swift; sourceTree = "<group>"; };
		1116EA262487A21000B1F509 /* RecipeIngredientListItem.swift */ = {isa = PBXFileReference; lastKnownFileType = sourcecode.swift; path = RecipeIngredientListItem.swift; sourceTree = "<group>"; };
		1116EA282487A2E800B1F509 /* RecipeDirectionListItem.swift */ = {isa = PBXFileReference; lastKnownFileType = sourcecode.swift; path = RecipeDirectionListItem.swift; sourceTree = "<group>"; };
		1116EA2A2487B26A00B1F509 /* CustomColors.swift */ = {isa = PBXFileReference; lastKnownFileType = sourcecode.swift; path = CustomColors.swift; sourceTree = "<group>"; };
		113B7DAE248FE849007435A4 /* CoreDataObjectManager.swift */ = {isa = PBXFileReference; lastKnownFileType = sourcecode.swift; path = CoreDataObjectManager.swift; sourceTree = "<group>"; };
		113B7DB0248FECE3007435A4 /* MeasurementUnit.swift */ = {isa = PBXFileReference; lastKnownFileType = sourcecode.swift; path = MeasurementUnit.swift; sourceTree = "<group>"; };
		115EDBCE2489251F000A45C9 /* TextFieldWithLabel.swift */ = {isa = PBXFileReference; lastKnownFileType = sourcecode.swift; path = TextFieldWithLabel.swift; sourceTree = "<group>"; };
		115EDBD024892CAA000A45C9 /* MultilineTextField.swift */ = {isa = PBXFileReference; lastKnownFileType = sourcecode.swift; path = MultilineTextField.swift; sourceTree = "<group>"; };
		115EDBD224894C97000A45C9 /* EditMode.swift */ = {isa = PBXFileReference; lastKnownFileType = sourcecode.swift; path = EditMode.swift; sourceTree = "<group>"; };
		115EDBD6248A0CB0000A45C9 /* ArrayComparison.swift */ = {isa = PBXFileReference; lastKnownFileType = sourcecode.swift; path = ArrayComparison.swift; sourceTree = "<group>"; };
		118707BE24A639A500B00801 /* RecipeDetailEdit.swift */ = {isa = PBXFileReference; lastKnownFileType = sourcecode.swift; path = RecipeDetailEdit.swift; sourceTree = "<group>"; };
		118E7F5E2486B3B900D7D4A3 /* Recipe Book.app */ = {isa = PBXFileReference; explicitFileType = wrapper.application; includeInIndex = 0; path = "Recipe Book.app"; sourceTree = BUILT_PRODUCTS_DIR; };
		118E7F612486B3B900D7D4A3 /* AppDelegate.swift */ = {isa = PBXFileReference; lastKnownFileType = sourcecode.swift; path = AppDelegate.swift; sourceTree = "<group>"; };
		118E7F632486B3B900D7D4A3 /* SceneDelegate.swift */ = {isa = PBXFileReference; lastKnownFileType = sourcecode.swift; path = SceneDelegate.swift; sourceTree = "<group>"; };
		118E7F662486B3B900D7D4A3 /* Recipe_Book.xcdatamodel */ = {isa = PBXFileReference; lastKnownFileType = wrapper.xcdatamodel; path = Recipe_Book.xcdatamodel; sourceTree = "<group>"; };
		118E7F682486B3B900D7D4A3 /* ContentView.swift */ = {isa = PBXFileReference; lastKnownFileType = sourcecode.swift; path = ContentView.swift; sourceTree = "<group>"; };
		118E7F6A2486B3BB00D7D4A3 /* Assets.xcassets */ = {isa = PBXFileReference; lastKnownFileType = folder.assetcatalog; path = Assets.xcassets; sourceTree = "<group>"; };
		118E7F6D2486B3BB00D7D4A3 /* Preview Assets.xcassets */ = {isa = PBXFileReference; lastKnownFileType = folder.assetcatalog; path = "Preview Assets.xcassets"; sourceTree = "<group>"; };
		118E7F702486B3BB00D7D4A3 /* Base */ = {isa = PBXFileReference; lastKnownFileType = file.storyboard; name = Base; path = Base.lproj/LaunchScreen.storyboard; sourceTree = "<group>"; };
		118E7F722486B3BB00D7D4A3 /* Info.plist */ = {isa = PBXFileReference; lastKnownFileType = text.plist.xml; path = Info.plist; sourceTree = "<group>"; };
		118E7F772486B3BB00D7D4A3 /* Recipe BookTests.xctest */ = {isa = PBXFileReference; explicitFileType = wrapper.cfbundle; includeInIndex = 0; path = "Recipe BookTests.xctest"; sourceTree = BUILT_PRODUCTS_DIR; };
		118E7F7B2486B3BB00D7D4A3 /* Recipe_BookTests.swift */ = {isa = PBXFileReference; lastKnownFileType = sourcecode.swift; path = Recipe_BookTests.swift; sourceTree = "<group>"; };
		118E7F7D2486B3BB00D7D4A3 /* Info.plist */ = {isa = PBXFileReference; lastKnownFileType = text.plist.xml; path = Info.plist; sourceTree = "<group>"; };
		118E7F822486B3BB00D7D4A3 /* Recipe BookUITests.xctest */ = {isa = PBXFileReference; explicitFileType = wrapper.cfbundle; includeInIndex = 0; path = "Recipe BookUITests.xctest"; sourceTree = BUILT_PRODUCTS_DIR; };
		118E7F862486B3BB00D7D4A3 /* Recipe_BookUITests.swift */ = {isa = PBXFileReference; lastKnownFileType = sourcecode.swift; path = Recipe_BookUITests.swift; sourceTree = "<group>"; };
		118E7F882486B3BB00D7D4A3 /* Info.plist */ = {isa = PBXFileReference; lastKnownFileType = text.plist.xml; path = Info.plist; sourceTree = "<group>"; };
		118E7F952486B3F800D7D4A3 /* HomeView.swift */ = {isa = PBXFileReference; lastKnownFileType = sourcecode.swift; path = HomeView.swift; sourceTree = "<group>"; };
		118E7F9F2486BA4500D7D4A3 /* UserSettings.swift */ = {isa = PBXFileReference; lastKnownFileType = sourcecode.swift; path = UserSettings.swift; sourceTree = "<group>"; };
		118E7FA12486BC9C00D7D4A3 /* RecipeDetail.swift */ = {isa = PBXFileReference; lastKnownFileType = sourcecode.swift; path = RecipeDetail.swift; sourceTree = "<group>"; };
		119628FE2487E11A000AACF8 /* DetailCellView.swift */ = {isa = PBXFileReference; lastKnownFileType = sourcecode.swift; path = DetailCellView.swift; sourceTree = "<group>"; };
		119629002487E4EB000AACF8 /* ThemeSettingsView.swift */ = {isa = PBXFileReference; lastKnownFileType = sourcecode.swift; path = ThemeSettingsView.swift; sourceTree = "<group>"; };
		1196292D2488F33C000AACF8 /* PantryView.swift */ = {isa = PBXFileReference; lastKnownFileType = sourcecode.swift; path = PantryView.swift; sourceTree = "<group>"; };
		11D74BB62487536200D8355E /* RecipeList.swift */ = {isa = PBXFileReference; fileEncoding = 4; lastKnownFileType = sourcecode.swift; path = RecipeList.swift; sourceTree = "<group>"; };
		11DBCA6524925FEF006A58D6 /* TimestampUtil.swift */ = {isa = PBXFileReference; lastKnownFileType = sourcecode.swift; path = TimestampUtil.swift; sourceTree = "<group>"; };
		11DBCA67249265F4006A58D6 /* TypeCatalogue.swift */ = {isa = PBXFileReference; lastKnownFileType = sourcecode.swift; path = TypeCatalogue.swift; sourceTree = "<group>"; };
		11F6B06E248D3DE6001E095D /* RecipeEditDirections.swift */ = {isa = PBXFileReference; lastKnownFileType = sourcecode.swift; path = RecipeEditDirections.swift; sourceTree = "<group>"; };
/* End PBXFileReference section */

/* Begin PBXFrameworksBuildPhase section */
		118E7F5B2486B3B900D7D4A3 /* Frameworks */ = {
			isa = PBXFrameworksBuildPhase;
			buildActionMask = 2147483647;
			files = (
			);
			runOnlyForDeploymentPostprocessing = 0;
		};
		118E7F742486B3BB00D7D4A3 /* Frameworks */ = {
			isa = PBXFrameworksBuildPhase;
			buildActionMask = 2147483647;
			files = (
			);
			runOnlyForDeploymentPostprocessing = 0;
		};
		118E7F7F2486B3BB00D7D4A3 /* Frameworks */ = {
			isa = PBXFrameworksBuildPhase;
			buildActionMask = 2147483647;
			files = (
			);
			runOnlyForDeploymentPostprocessing = 0;
		};
/* End PBXFrameworksBuildPhase section */

/* Begin PBXGroup section */
		1116EA0E24877F5F00B1F509 /* Settings */ = {
			isa = PBXGroup;
			children = (
				115EDBD8248A112C000A45C9 /* Appearance */,
				1116EA0C24877E6D00B1F509 /* SettingsView.swift */,
				1116EA0F24877F7800B1F509 /* GeneralSettingsView.swift */,
				1116EA1324877FC300B1F509 /* NotificationsSettingsView.swift */,
				1116EA1524877FCF00B1F509 /* AccountSettingsView.swift */,
			);
			path = Settings;
			sourceTree = "<group>";
		};
		1116EA252487A1E700B1F509 /* Recipe Detail */ = {
			isa = PBXGroup;
			children = (
				118E7FA12486BC9C00D7D4A3 /* RecipeDetail.swift */,
				118707BE24A639A500B00801 /* RecipeDetailEdit.swift */,
				1116EA262487A21000B1F509 /* RecipeIngredientListItem.swift */,
				1116EA282487A2E800B1F509 /* RecipeDirectionListItem.swift */,
				11058976248E90B900B5DB6D /* RecipeEditIngredients.swift */,
				11F6B06E248D3DE6001E095D /* RecipeEditDirections.swift */,
			);
			path = "Recipe Detail";
			sourceTree = "<group>";
		};
		113FEF31248A5F3C0008BEFF /* Utils */ = {
			isa = PBXGroup;
			children = (
				11058978248FBB1C00B5DB6D /* TimeDetection.swift */,
				115EDBD6248A0CB0000A45C9 /* ArrayComparison.swift */,
				11DBCA6524925FEF006A58D6 /* TimestampUtil.swift */,
			);
			path = Utils;
			sourceTree = "<group>";
		};
		115EDBD8248A112C000A45C9 /* Appearance */ = {
			isa = PBXGroup;
			children = (
				1116EA1124877FA500B1F509 /* AppearanceSettingsView.swift */,
				119629002487E4EB000AACF8 /* ThemeSettingsView.swift */,
			);
			path = Appearance;
			sourceTree = "<group>";
		};
		118E7F552486B3B900D7D4A3 = {
			isa = PBXGroup;
			children = (
				118E7F602486B3B900D7D4A3 /* Recipe Book */,
				118E7F7A2486B3BB00D7D4A3 /* Recipe BookTests */,
				118E7F852486B3BB00D7D4A3 /* Recipe BookUITests */,
				118E7F5F2486B3B900D7D4A3 /* Products */,
			);
			sourceTree = "<group>";
		};
		118E7F5F2486B3B900D7D4A3 /* Products */ = {
			isa = PBXGroup;
			children = (
				118E7F5E2486B3B900D7D4A3 /* Recipe Book.app */,
				118E7F772486B3BB00D7D4A3 /* Recipe BookTests.xctest */,
				118E7F822486B3BB00D7D4A3 /* Recipe BookUITests.xctest */,
			);
			name = Products;
			sourceTree = "<group>";
		};
		118E7F602486B3B900D7D4A3 /* Recipe Book */ = {
			isa = PBXGroup;
			children = (
				113FEF31248A5F3C0008BEFF /* Utils */,
				119628F92487B965000AACF8 /* Extensions */,
				118E7F972486B52900D7D4A3 /* Models */,
				118E7F942486B3EA00D7D4A3 /* Views */,
				118E7F612486B3B900D7D4A3 /* AppDelegate.swift */,
				118E7F632486B3B900D7D4A3 /* SceneDelegate.swift */,
				118E7F682486B3B900D7D4A3 /* ContentView.swift */,
				118E7F6A2486B3BB00D7D4A3 /* Assets.xcassets */,
				118E7F6F2486B3BB00D7D4A3 /* LaunchScreen.storyboard */,
				118E7F722486B3BB00D7D4A3 /* Info.plist */,
				118E7F652486B3B900D7D4A3 /* Recipe_Book.xcdatamodeld */,
				118E7F6C2486B3BB00D7D4A3 /* Preview Content */,
			);
			path = "Recipe Book";
			sourceTree = "<group>";
		};
		118E7F6C2486B3BB00D7D4A3 /* Preview Content */ = {
			isa = PBXGroup;
			children = (
				118E7F6D2486B3BB00D7D4A3 /* Preview Assets.xcassets */,
			);
			path = "Preview Content";
			sourceTree = "<group>";
		};
		118E7F7A2486B3BB00D7D4A3 /* Recipe BookTests */ = {
			isa = PBXGroup;
			children = (
				118E7F7B2486B3BB00D7D4A3 /* Recipe_BookTests.swift */,
				118E7F7D2486B3BB00D7D4A3 /* Info.plist */,
			);
			path = "Recipe BookTests";
			sourceTree = "<group>";
		};
		118E7F852486B3BB00D7D4A3 /* Recipe BookUITests */ = {
			isa = PBXGroup;
			children = (
				118E7F862486B3BB00D7D4A3 /* Recipe_BookUITests.swift */,
				118E7F882486B3BB00D7D4A3 /* Info.plist */,
			);
			path = "Recipe BookUITests";
			sourceTree = "<group>";
		};
		118E7F942486B3EA00D7D4A3 /* Views */ = {
			isa = PBXGroup;
			children = (
				119628FD2487E101000AACF8 /* Component Views */,
				1196292B2488F29F000AACF8 /* Recipe */,
				1196292C2488F305000AACF8 /* Pantry */,
				1116EA0E24877F5F00B1F509 /* Settings */,
				118E7F952486B3F800D7D4A3 /* HomeView.swift */,
			);
			path = Views;
			sourceTree = "<group>";
		};
		118E7F972486B52900D7D4A3 /* Models */ = {
			isa = PBXGroup;
			children = (
				11D74BC1248755A700D8355E /* Entities */,
				11D74BC02487559700D8355E /* Observables */,
				11DBCA67249265F4006A58D6 /* TypeCatalogue.swift */,
			);
			path = Models;
			sourceTree = "<group>";
		};
		119628F92487B965000AACF8 /* Extensions */ = {
			isa = PBXGroup;
			children = (
				1116EA2A2487B26A00B1F509 /* CustomColors.swift */,
				115EDBD224894C97000A45C9 /* EditMode.swift */,
			);
			path = Extensions;
			sourceTree = "<group>";
		};
		119628FD2487E101000AACF8 /* Component Views */ = {
			isa = PBXGroup;
			children = (
				119628FE2487E11A000AACF8 /* DetailCellView.swift */,
				115EDBCE2489251F000A45C9 /* TextFieldWithLabel.swift */,
				115EDBD024892CAA000A45C9 /* MultilineTextField.swift */,
				1105897A248FCA5500B5DB6D /* TimeDisplayView.swift */,
			);
			path = "Component Views";
			sourceTree = "<group>";
		};
		1196292B2488F29F000AACF8 /* Recipe */ = {
			isa = PBXGroup;
			children = (
				11D74BB62487536200D8355E /* RecipeList.swift */,
				1116EA252487A1E700B1F509 /* Recipe Detail */,
			);
			path = Recipe;
			sourceTree = "<group>";
		};
		1196292C2488F305000AACF8 /* Pantry */ = {
			isa = PBXGroup;
			children = (
				1196292D2488F33C000AACF8 /* PantryView.swift */,
			);
			path = Pantry;
			sourceTree = "<group>";
		};
		11D74BC02487559700D8355E /* Observables */ = {
			isa = PBXGroup;
			children = (
				118E7F9F2486BA4500D7D4A3 /* UserSettings.swift */,
				113B7DAE248FE849007435A4 /* CoreDataObjectManager.swift */,
			);
			path = Observables;
			sourceTree = "<group>";
		};
		11D74BC1248755A700D8355E /* Entities */ = {
			isa = PBXGroup;
			children = (
				110035A4248FE01D006AE78A /* Recipe.swift */,
				110035A6248FE01D006AE78A /* Ingredient.swift */,
				1116EA2324878B9700B1F509 /* IngredientDraft.swift */,
				11003590248FD182006AE78A /* RecipeCollection.swift */,
				113B7DB0248FECE3007435A4 /* MeasurementUnit.swift */,
			);
			path = Entities;
			sourceTree = "<group>";
		};
/* End PBXGroup section */

/* Begin PBXNativeTarget section */
		118E7F5D2486B3B900D7D4A3 /* Recipe Book */ = {
			isa = PBXNativeTarget;
			buildConfigurationList = 118E7F8B2486B3BB00D7D4A3 /* Build configuration list for PBXNativeTarget "Recipe Book" */;
			buildPhases = (
				118E7F5A2486B3B900D7D4A3 /* Sources */,
				118E7F5B2486B3B900D7D4A3 /* Frameworks */,
				118E7F5C2486B3B900D7D4A3 /* Resources */,
			);
			buildRules = (
			);
			dependencies = (
			);
			name = "Recipe Book";
			productName = "Recipe Book";
			productReference = 118E7F5E2486B3B900D7D4A3 /* Recipe Book.app */;
			productType = "com.apple.product-type.application";
		};
		118E7F762486B3BB00D7D4A3 /* Recipe BookTests */ = {
			isa = PBXNativeTarget;
			buildConfigurationList = 118E7F8E2486B3BB00D7D4A3 /* Build configuration list for PBXNativeTarget "Recipe BookTests" */;
			buildPhases = (
				118E7F732486B3BB00D7D4A3 /* Sources */,
				118E7F742486B3BB00D7D4A3 /* Frameworks */,
				118E7F752486B3BB00D7D4A3 /* Resources */,
			);
			buildRules = (
			);
			dependencies = (
				118E7F792486B3BB00D7D4A3 /* PBXTargetDependency */,
			);
			name = "Recipe BookTests";
			productName = "Recipe BookTests";
			productReference = 118E7F772486B3BB00D7D4A3 /* Recipe BookTests.xctest */;
			productType = "com.apple.product-type.bundle.unit-test";
		};
		118E7F812486B3BB00D7D4A3 /* Recipe BookUITests */ = {
			isa = PBXNativeTarget;
			buildConfigurationList = 118E7F912486B3BB00D7D4A3 /* Build configuration list for PBXNativeTarget "Recipe BookUITests" */;
			buildPhases = (
				118E7F7E2486B3BB00D7D4A3 /* Sources */,
				118E7F7F2486B3BB00D7D4A3 /* Frameworks */,
				118E7F802486B3BB00D7D4A3 /* Resources */,
			);
			buildRules = (
			);
			dependencies = (
				118E7F842486B3BB00D7D4A3 /* PBXTargetDependency */,
			);
			name = "Recipe BookUITests";
			productName = "Recipe BookUITests";
			productReference = 118E7F822486B3BB00D7D4A3 /* Recipe BookUITests.xctest */;
			productType = "com.apple.product-type.bundle.ui-testing";
		};
/* End PBXNativeTarget section */

/* Begin PBXProject section */
		118E7F562486B3B900D7D4A3 /* Project object */ = {
			isa = PBXProject;
			attributes = {
				LastSwiftUpdateCheck = 1150;
				LastUpgradeCheck = 1150;
				ORGANIZATIONNAME = "Clarence Siew";
				TargetAttributes = {
					118E7F5D2486B3B900D7D4A3 = {
						CreatedOnToolsVersion = 11.5;
					};
					118E7F762486B3BB00D7D4A3 = {
						CreatedOnToolsVersion = 11.5;
						TestTargetID = 118E7F5D2486B3B900D7D4A3;
					};
					118E7F812486B3BB00D7D4A3 = {
						CreatedOnToolsVersion = 11.5;
						TestTargetID = 118E7F5D2486B3B900D7D4A3;
					};
				};
			};
			buildConfigurationList = 118E7F592486B3B900D7D4A3 /* Build configuration list for PBXProject "Recipe Book" */;
			compatibilityVersion = "Xcode 9.3";
			developmentRegion = en;
			hasScannedForEncodings = 0;
			knownRegions = (
				en,
				Base,
			);
			mainGroup = 118E7F552486B3B900D7D4A3;
			productRefGroup = 118E7F5F2486B3B900D7D4A3 /* Products */;
			projectDirPath = "";
			projectRoot = "";
			targets = (
				118E7F5D2486B3B900D7D4A3 /* Recipe Book */,
				118E7F762486B3BB00D7D4A3 /* Recipe BookTests */,
				118E7F812486B3BB00D7D4A3 /* Recipe BookUITests */,
			);
		};
/* End PBXProject section */

/* Begin PBXResourcesBuildPhase section */
		118E7F5C2486B3B900D7D4A3 /* Resources */ = {
			isa = PBXResourcesBuildPhase;
			buildActionMask = 2147483647;
			files = (
				118E7F712486B3BB00D7D4A3 /* LaunchScreen.storyboard in Resources */,
				118E7F6E2486B3BB00D7D4A3 /* Preview Assets.xcassets in Resources */,
				118E7F6B2486B3BB00D7D4A3 /* Assets.xcassets in Resources */,
			);
			runOnlyForDeploymentPostprocessing = 0;
		};
		118E7F752486B3BB00D7D4A3 /* Resources */ = {
			isa = PBXResourcesBuildPhase;
			buildActionMask = 2147483647;
			files = (
			);
			runOnlyForDeploymentPostprocessing = 0;
		};
		118E7F802486B3BB00D7D4A3 /* Resources */ = {
			isa = PBXResourcesBuildPhase;
			buildActionMask = 2147483647;
			files = (
			);
			runOnlyForDeploymentPostprocessing = 0;
		};
/* End PBXResourcesBuildPhase section */

/* Begin PBXSourcesBuildPhase section */
		118E7F5A2486B3B900D7D4A3 /* Sources */ = {
			isa = PBXSourcesBuildPhase;
			buildActionMask = 2147483647;
			files = (
				118E7F622486B3B900D7D4A3 /* AppDelegate.swift in Sources */,
				11F6B06F248D3DE6001E095D /* RecipeEditDirections.swift in Sources */,
				110035A8248FE01D006AE78A /* Recipe.swift in Sources */,
				11058979248FBB1C00B5DB6D /* TimeDetection.swift in Sources */,
				1116EA1024877F7800B1F509 /* GeneralSettingsView.swift in Sources */,
				115EDBD7248A0CB0000A45C9 /* ArrayComparison.swift in Sources */,
				1116EA2B2487B26A00B1F509 /* CustomColors.swift in Sources */,
				113B7DB1248FECE3007435A4 /* MeasurementUnit.swift in Sources */,
				115EDBCF2489251F000A45C9 /* TextFieldWithLabel.swift in Sources */,
				11003591248FD182006AE78A /* RecipeCollection.swift in Sources */,
				11DBCA6624925FEF006A58D6 /* TimestampUtil.swift in Sources */,
				1116EA2424878B9700B1F509 /* IngredientDraft.swift in Sources */,
				1116EA0D24877E6D00B1F509 /* SettingsView.swift in Sources */,
				1116EA1624877FCF00B1F509 /* AccountSettingsView.swift in Sources */,
				115EDBD124892CAA000A45C9 /* MultilineTextField.swift in Sources */,
				1116EA292487A2E800B1F509 /* RecipeDirectionListItem.swift in Sources */,
				118E7FA22486BC9C00D7D4A3 /* RecipeDetail.swift in Sources */,
				119629012487E4EB000AACF8 /* ThemeSettingsView.swift in Sources */,
				113B7DAF248FE849007435A4 /* CoreDataObjectManager.swift in Sources */,
				11058977248E90B900B5DB6D /* RecipeEditIngredients.swift in Sources */,
				11D74BB72487536200D8355E /* RecipeList.swift in Sources */,
				115EDBD324894C97000A45C9 /* EditMode.swift in Sources */,
				118E7F642486B3B900D7D4A3 /* SceneDelegate.swift in Sources */,
				110035AA248FE01D006AE78A /* Ingredient.swift in Sources */,
				118E7FA02486BA4500D7D4A3 /* UserSettings.swift in Sources */,
				118E7F962486B3F800D7D4A3 /* HomeView.swift in Sources */,
				118707BF24A639A500B00801 /* RecipeDetailEdit.swift in Sources */,
				1116EA1424877FC300B1F509 /* NotificationsSettingsView.swift in Sources */,
				1116EA1224877FA500B1F509 /* AppearanceSettingsView.swift in Sources */,
				11DBCA68249265F4006A58D6 /* TypeCatalogue.swift in Sources */,
				1116EA272487A21000B1F509 /* RecipeIngredientListItem.swift in Sources */,
				119628FF2487E11A000AACF8 /* DetailCellView.swift in Sources */,
				118E7F692486B3B900D7D4A3 /* ContentView.swift in Sources */,
				1196292E2488F33C000AACF8 /* PantryView.swift in Sources */,
				1105897B248FCA5500B5DB6D /* TimeDisplayView.swift in Sources */,
				118E7F672486B3B900D7D4A3 /* Recipe_Book.xcdatamodeld in Sources */,
			);
			runOnlyForDeploymentPostprocessing = 0;
		};
		118E7F732486B3BB00D7D4A3 /* Sources */ = {
			isa = PBXSourcesBuildPhase;
			buildActionMask = 2147483647;
			files = (
				118E7F7C2486B3BB00D7D4A3 /* Recipe_BookTests.swift in Sources */,
			);
			runOnlyForDeploymentPostprocessing = 0;
		};
		118E7F7E2486B3BB00D7D4A3 /* Sources */ = {
			isa = PBXSourcesBuildPhase;
			buildActionMask = 2147483647;
			files = (
				118E7F872486B3BB00D7D4A3 /* Recipe_BookUITests.swift in Sources */,
			);
			runOnlyForDeploymentPostprocessing = 0;
		};
/* End PBXSourcesBuildPhase section */

/* Begin PBXTargetDependency section */
		118E7F792486B3BB00D7D4A3 /* PBXTargetDependency */ = {
			isa = PBXTargetDependency;
			target = 118E7F5D2486B3B900D7D4A3 /* Recipe Book */;
			targetProxy = 118E7F782486B3BB00D7D4A3 /* PBXContainerItemProxy */;
		};
		118E7F842486B3BB00D7D4A3 /* PBXTargetDependency */ = {
			isa = PBXTargetDependency;
			target = 118E7F5D2486B3B900D7D4A3 /* Recipe Book */;
			targetProxy = 118E7F832486B3BB00D7D4A3 /* PBXContainerItemProxy */;
		};
/* End PBXTargetDependency section */

/* Begin PBXVariantGroup section */
		118E7F6F2486B3BB00D7D4A3 /* LaunchScreen.storyboard */ = {
			isa = PBXVariantGroup;
			children = (
				118E7F702486B3BB00D7D4A3 /* Base */,
			);
			name = LaunchScreen.storyboard;
			sourceTree = "<group>";
		};
/* End PBXVariantGroup section */

/* Begin XCBuildConfiguration section */
		118E7F892486B3BB00D7D4A3 /* Debug */ = {
			isa = XCBuildConfiguration;
			buildSettings = {
				ALWAYS_SEARCH_USER_PATHS = NO;
				CLANG_ANALYZER_NONNULL = YES;
				CLANG_ANALYZER_NUMBER_OBJECT_CONVERSION = YES_AGGRESSIVE;
				CLANG_CXX_LANGUAGE_STANDARD = "gnu++14";
				CLANG_CXX_LIBRARY = "libc++";
				CLANG_ENABLE_MODULES = YES;
				CLANG_ENABLE_OBJC_ARC = YES;
				CLANG_ENABLE_OBJC_WEAK = YES;
				CLANG_WARN_BLOCK_CAPTURE_AUTORELEASING = YES;
				CLANG_WARN_BOOL_CONVERSION = YES;
				CLANG_WARN_COMMA = YES;
				CLANG_WARN_CONSTANT_CONVERSION = YES;
				CLANG_WARN_DEPRECATED_OBJC_IMPLEMENTATIONS = YES;
				CLANG_WARN_DIRECT_OBJC_ISA_USAGE = YES_ERROR;
				CLANG_WARN_DOCUMENTATION_COMMENTS = YES;
				CLANG_WARN_EMPTY_BODY = YES;
				CLANG_WARN_ENUM_CONVERSION = YES;
				CLANG_WARN_INFINITE_RECURSION = YES;
				CLANG_WARN_INT_CONVERSION = YES;
				CLANG_WARN_NON_LITERAL_NULL_CONVERSION = YES;
				CLANG_WARN_OBJC_IMPLICIT_RETAIN_SELF = YES;
				CLANG_WARN_OBJC_LITERAL_CONVERSION = YES;
				CLANG_WARN_OBJC_ROOT_CLASS = YES_ERROR;
				CLANG_WARN_RANGE_LOOP_ANALYSIS = YES;
				CLANG_WARN_STRICT_PROTOTYPES = YES;
				CLANG_WARN_SUSPICIOUS_MOVE = YES;
				CLANG_WARN_UNGUARDED_AVAILABILITY = YES_AGGRESSIVE;
				CLANG_WARN_UNREACHABLE_CODE = YES;
				CLANG_WARN__DUPLICATE_METHOD_MATCH = YES;
				COPY_PHASE_STRIP = NO;
				DEBUG_INFORMATION_FORMAT = dwarf;
				ENABLE_STRICT_OBJC_MSGSEND = YES;
				ENABLE_TESTABILITY = YES;
				GCC_C_LANGUAGE_STANDARD = gnu11;
				GCC_DYNAMIC_NO_PIC = NO;
				GCC_NO_COMMON_BLOCKS = YES;
				GCC_OPTIMIZATION_LEVEL = 0;
				GCC_PREPROCESSOR_DEFINITIONS = (
					"DEBUG=1",
					"$(inherited)",
				);
				GCC_WARN_64_TO_32_BIT_CONVERSION = YES;
				GCC_WARN_ABOUT_RETURN_TYPE = YES_ERROR;
				GCC_WARN_UNDECLARED_SELECTOR = YES;
				GCC_WARN_UNINITIALIZED_AUTOS = YES_AGGRESSIVE;
				GCC_WARN_UNUSED_FUNCTION = YES;
				GCC_WARN_UNUSED_VARIABLE = YES;
				IPHONEOS_DEPLOYMENT_TARGET = 13.5;
				MTL_ENABLE_DEBUG_INFO = INCLUDE_SOURCE;
				MTL_FAST_MATH = YES;
				ONLY_ACTIVE_ARCH = YES;
				SDKROOT = iphoneos;
				SWIFT_ACTIVE_COMPILATION_CONDITIONS = DEBUG;
				SWIFT_OPTIMIZATION_LEVEL = "-Onone";
			};
			name = Debug;
		};
		118E7F8A2486B3BB00D7D4A3 /* Release */ = {
			isa = XCBuildConfiguration;
			buildSettings = {
				ALWAYS_SEARCH_USER_PATHS = NO;
				CLANG_ANALYZER_NONNULL = YES;
				CLANG_ANALYZER_NUMBER_OBJECT_CONVERSION = YES_AGGRESSIVE;
				CLANG_CXX_LANGUAGE_STANDARD = "gnu++14";
				CLANG_CXX_LIBRARY = "libc++";
				CLANG_ENABLE_MODULES = YES;
				CLANG_ENABLE_OBJC_ARC = YES;
				CLANG_ENABLE_OBJC_WEAK = YES;
				CLANG_WARN_BLOCK_CAPTURE_AUTORELEASING = YES;
				CLANG_WARN_BOOL_CONVERSION = YES;
				CLANG_WARN_COMMA = YES;
				CLANG_WARN_CONSTANT_CONVERSION = YES;
				CLANG_WARN_DEPRECATED_OBJC_IMPLEMENTATIONS = YES;
				CLANG_WARN_DIRECT_OBJC_ISA_USAGE = YES_ERROR;
				CLANG_WARN_DOCUMENTATION_COMMENTS = YES;
				CLANG_WARN_EMPTY_BODY = YES;
				CLANG_WARN_ENUM_CONVERSION = YES;
				CLANG_WARN_INFINITE_RECURSION = YES;
				CLANG_WARN_INT_CONVERSION = YES;
				CLANG_WARN_NON_LITERAL_NULL_CONVERSION = YES;
				CLANG_WARN_OBJC_IMPLICIT_RETAIN_SELF = YES;
				CLANG_WARN_OBJC_LITERAL_CONVERSION = YES;
				CLANG_WARN_OBJC_ROOT_CLASS = YES_ERROR;
				CLANG_WARN_RANGE_LOOP_ANALYSIS = YES;
				CLANG_WARN_STRICT_PROTOTYPES = YES;
				CLANG_WARN_SUSPICIOUS_MOVE = YES;
				CLANG_WARN_UNGUARDED_AVAILABILITY = YES_AGGRESSIVE;
				CLANG_WARN_UNREACHABLE_CODE = YES;
				CLANG_WARN__DUPLICATE_METHOD_MATCH = YES;
				COPY_PHASE_STRIP = NO;
				DEBUG_INFORMATION_FORMAT = "dwarf-with-dsym";
				ENABLE_NS_ASSERTIONS = NO;
				ENABLE_STRICT_OBJC_MSGSEND = YES;
				GCC_C_LANGUAGE_STANDARD = gnu11;
				GCC_NO_COMMON_BLOCKS = YES;
				GCC_WARN_64_TO_32_BIT_CONVERSION = YES;
				GCC_WARN_ABOUT_RETURN_TYPE = YES_ERROR;
				GCC_WARN_UNDECLARED_SELECTOR = YES;
				GCC_WARN_UNINITIALIZED_AUTOS = YES_AGGRESSIVE;
				GCC_WARN_UNUSED_FUNCTION = YES;
				GCC_WARN_UNUSED_VARIABLE = YES;
				IPHONEOS_DEPLOYMENT_TARGET = 13.5;
				MTL_ENABLE_DEBUG_INFO = NO;
				MTL_FAST_MATH = YES;
				SDKROOT = iphoneos;
				SWIFT_COMPILATION_MODE = wholemodule;
				SWIFT_OPTIMIZATION_LEVEL = "-O";
				VALIDATE_PRODUCT = YES;
			};
			name = Release;
		};
		118E7F8C2486B3BB00D7D4A3 /* Debug */ = {
			isa = XCBuildConfiguration;
			buildSettings = {
				ASSETCATALOG_COMPILER_APPICON_NAME = AppIcon;
				CODE_SIGN_STYLE = Automatic;
				DEVELOPMENT_ASSET_PATHS = "\"Recipe Book/Preview Content\"";
				DEVELOPMENT_TEAM = AU8V4WUNL2;
				ENABLE_PREVIEWS = YES;
				INFOPLIST_FILE = "Recipe Book/Info.plist";
				LD_RUNPATH_SEARCH_PATHS = (
					"$(inherited)",
					"@executable_path/Frameworks",
				);
				PRODUCT_BUNDLE_IDENTIFIER = "com.csiew.Recipe-Book";
				PRODUCT_NAME = "$(TARGET_NAME)";
				SWIFT_VERSION = 5.0;
				TARGETED_DEVICE_FAMILY = "1,2";
			};
			name = Debug;
		};
		118E7F8D2486B3BB00D7D4A3 /* Release */ = {
			isa = XCBuildConfiguration;
			buildSettings = {
				ASSETCATALOG_COMPILER_APPICON_NAME = AppIcon;
				CODE_SIGN_STYLE = Automatic;
				DEVELOPMENT_ASSET_PATHS = "\"Recipe Book/Preview Content\"";
				DEVELOPMENT_TEAM = AU8V4WUNL2;
				ENABLE_PREVIEWS = YES;
				INFOPLIST_FILE = "Recipe Book/Info.plist";
				LD_RUNPATH_SEARCH_PATHS = (
					"$(inherited)",
					"@executable_path/Frameworks",
				);
				PRODUCT_BUNDLE_IDENTIFIER = "com.csiew.Recipe-Book";
				PRODUCT_NAME = "$(TARGET_NAME)";
				SWIFT_VERSION = 5.0;
				TARGETED_DEVICE_FAMILY = "1,2";
			};
			name = Release;
		};
		118E7F8F2486B3BB00D7D4A3 /* Debug */ = {
			isa = XCBuildConfiguration;
			buildSettings = {
				ALWAYS_EMBED_SWIFT_STANDARD_LIBRARIES = YES;
				BUNDLE_LOADER = "$(TEST_HOST)";
				CODE_SIGN_STYLE = Automatic;
				INFOPLIST_FILE = "Recipe BookTests/Info.plist";
				IPHONEOS_DEPLOYMENT_TARGET = 13.5;
				LD_RUNPATH_SEARCH_PATHS = (
					"$(inherited)",
					"@executable_path/Frameworks",
					"@loader_path/Frameworks",
				);
				PRODUCT_BUNDLE_IDENTIFIER = "com.csiew.Recipe-BookTests";
				PRODUCT_NAME = "$(TARGET_NAME)";
				SWIFT_VERSION = 5.0;
				TARGETED_DEVICE_FAMILY = "1,2";
				TEST_HOST = "$(BUILT_PRODUCTS_DIR)/Recipe Book.app/Recipe Book";
			};
			name = Debug;
		};
		118E7F902486B3BB00D7D4A3 /* Release */ = {
			isa = XCBuildConfiguration;
			buildSettings = {
				ALWAYS_EMBED_SWIFT_STANDARD_LIBRARIES = YES;
				BUNDLE_LOADER = "$(TEST_HOST)";
				CODE_SIGN_STYLE = Automatic;
				INFOPLIST_FILE = "Recipe BookTests/Info.plist";
				IPHONEOS_DEPLOYMENT_TARGET = 13.5;
				LD_RUNPATH_SEARCH_PATHS = (
					"$(inherited)",
					"@executable_path/Frameworks",
					"@loader_path/Frameworks",
				);
				PRODUCT_BUNDLE_IDENTIFIER = "com.csiew.Recipe-BookTests";
				PRODUCT_NAME = "$(TARGET_NAME)";
				SWIFT_VERSION = 5.0;
				TARGETED_DEVICE_FAMILY = "1,2";
				TEST_HOST = "$(BUILT_PRODUCTS_DIR)/Recipe Book.app/Recipe Book";
			};
			name = Release;
		};
		118E7F922486B3BB00D7D4A3 /* Debug */ = {
			isa = XCBuildConfiguration;
			buildSettings = {
				ALWAYS_EMBED_SWIFT_STANDARD_LIBRARIES = YES;
				CODE_SIGN_STYLE = Automatic;
				INFOPLIST_FILE = "Recipe BookUITests/Info.plist";
				LD_RUNPATH_SEARCH_PATHS = (
					"$(inherited)",
					"@executable_path/Frameworks",
					"@loader_path/Frameworks",
				);
				PRODUCT_BUNDLE_IDENTIFIER = "com.csiew.Recipe-BookUITests";
				PRODUCT_NAME = "$(TARGET_NAME)";
				SWIFT_VERSION = 5.0;
				TARGETED_DEVICE_FAMILY = "1,2";
				TEST_TARGET_NAME = "Recipe Book";
			};
			name = Debug;
		};
		118E7F932486B3BB00D7D4A3 /* Release */ = {
			isa = XCBuildConfiguration;
			buildSettings = {
				ALWAYS_EMBED_SWIFT_STANDARD_LIBRARIES = YES;
				CODE_SIGN_STYLE = Automatic;
				INFOPLIST_FILE = "Recipe BookUITests/Info.plist";
				LD_RUNPATH_SEARCH_PATHS = (
					"$(inherited)",
					"@executable_path/Frameworks",
					"@loader_path/Frameworks",
				);
				PRODUCT_BUNDLE_IDENTIFIER = "com.csiew.Recipe-BookUITests";
				PRODUCT_NAME = "$(TARGET_NAME)";
				SWIFT_VERSION = 5.0;
				TARGETED_DEVICE_FAMILY = "1,2";
				TEST_TARGET_NAME = "Recipe Book";
			};
			name = Release;
		};
/* End XCBuildConfiguration section */

/* Begin XCConfigurationList section */
		118E7F592486B3B900D7D4A3 /* Build configuration list for PBXProject "Recipe Book" */ = {
			isa = XCConfigurationList;
			buildConfigurations = (
				118E7F892486B3BB00D7D4A3 /* Debug */,
				118E7F8A2486B3BB00D7D4A3 /* Release */,
			);
			defaultConfigurationIsVisible = 0;
			defaultConfigurationName = Release;
		};
		118E7F8B2486B3BB00D7D4A3 /* Build configuration list for PBXNativeTarget "Recipe Book" */ = {
			isa = XCConfigurationList;
			buildConfigurations = (
				118E7F8C2486B3BB00D7D4A3 /* Debug */,
				118E7F8D2486B3BB00D7D4A3 /* Release */,
			);
			defaultConfigurationIsVisible = 0;
			defaultConfigurationName = Release;
		};
		118E7F8E2486B3BB00D7D4A3 /* Build configuration list for PBXNativeTarget "Recipe BookTests" */ = {
			isa = XCConfigurationList;
			buildConfigurations = (
				118E7F8F2486B3BB00D7D4A3 /* Debug */,
				118E7F902486B3BB00D7D4A3 /* Release */,
			);
			defaultConfigurationIsVisible = 0;
			defaultConfigurationName = Release;
		};
		118E7F912486B3BB00D7D4A3 /* Build configuration list for PBXNativeTarget "Recipe BookUITests" */ = {
			isa = XCConfigurationList;
			buildConfigurations = (
				118E7F922486B3BB00D7D4A3 /* Debug */,
				118E7F932486B3BB00D7D4A3 /* Release */,
			);
			defaultConfigurationIsVisible = 0;
			defaultConfigurationName = Release;
		};
/* End XCConfigurationList section */

/* Begin XCVersionGroup section */
		118E7F652486B3B900D7D4A3 /* Recipe_Book.xcdatamodeld */ = {
			isa = XCVersionGroup;
			children = (
				118E7F662486B3B900D7D4A3 /* Recipe_Book.xcdatamodel */,
			);
			currentVersion = 118E7F662486B3B900D7D4A3 /* Recipe_Book.xcdatamodel */;
			path = Recipe_Book.xcdatamodeld;
			sourceTree = "<group>";
			versionGroupType = wrapper.xcdatamodel;
		};
/* End XCVersionGroup section */
	};
	rootObject = 118E7F562486B3B900D7D4A3 /* Project object */;
}
